<?xml version="1.0" encoding="UTF-8"?>
<CONFIG>
  <ProjectOptions>
    <Version Value="9"/>
    <General>
      <MainUnit Value="0"/>
      <Title Value="Integrated Monitoring Example"/>
      <ResourceType Value="res"/>
      <UseXPManifest Value="True"/>
      <Icon Value="0"/>
    </General>
    <i18n>
      <EnableI18N LFM="False"/>
    </i18n>
    <VersionInfo>
      <StringTable ProductVersion=""/>
    </VersionInfo>
    <BuildModes Count="1" Active="Default">
      <Item1 Name="Default" Default="True"/>
    </BuildModes>
    <PublishOptions>
      <Version Value="2"/>
      <IncludeFileFilter Value="*.(pas|pp|inc|lfm|lpr|lrs|lpi|lpk|sh|xml)"/>
      <ExcludeFileFilter Value="*.(bak|ppu|o|so);*~;backup"/>
    </PublishOptions>
    <RunParams>
      <local>
        <FormatVersion Value="1"/>
      </local>
    </RunParams>
    <RequiredPackages Count="4">
      <Item1>
        <PackageName Value="ibcontrols"/>
      </Item1>
      <Item2>
        <PackageName Value="FCL"/>
        <MinVersion Major="1" Valid="True"/>
      </Item2>
      <Item3>
        <PackageName Value="ibexpress"/>
        <MinVersion Minor="9" Valid="True"/>
      </Item3>
      <Item4>
        <PackageName Value="LCL"/>
      </Item4>
    </RequiredPackages>
    <Units Count="103">
      <Unit0>
        <Filename Value="IntegratedMonitoring.lpr"/>
        <IsPartOfProject Value="True"/>
        <EditorIndex Value="-1"/>
        <WindowIndex Value="1"/>
        <CursorPos X="4" Y="20"/>
        <UsageCount Value="118"/>
      </Unit0>
      <Unit1>
        <Filename Value="MainForm.pas"/>
        <IsPartOfProject Value="True"/>
        <ComponentName Value="Form1"/>
        <HasResources Value="True"/>
        <ResourceBaseClass Value="Form"/>
        <WindowIndex Value="1"/>
        <TopLine Value="364"/>
        <CursorPos X="13" Y="392"/>
        <UsageCount Value="118"/>
        <Loaded Value="True"/>
        <LoadedDesigner Value="True"/>
      </Unit1>
      <Unit2>
        <Filename Value="../../runtime/IBSQLMonitor.pas"/>
        <EditorIndex Value="-1"/>
        <WindowIndex Value="1"/>
        <UsageCount Value="10"/>
      </Unit2>
      <Unit3>
        <Filename Value="SelectDeptDlgUnit.pas"/>
        <IsPartOfProject Value="True"/>
        <ComponentName Value="SelectDeptDlg"/>
        <HasResources Value="True"/>
        <ResourceBaseClass Value="Form"/>
        <EditorIndex Value="-1"/>
        <WindowIndex Value="1"/>
        <CursorPos X="3" Y="35"/>
        <UsageCount Value="107"/>
      </Unit3>
      <Unit4>
        <Filename Value="unit3.pas"/>
        <ComponentName Value="AddEmployeeDlg"/>
        <HasResources Value="True"/>
        <ResourceBaseClass Value="Form"/>
        <TopLine Value="28"/>
        <CursorPos Y="48"/>
        <UsageCount Value="88"/>
      </Unit4>
      <Unit5>
        <Filename Value="../../runtime/IB.pas"/>
        <EditorIndex Value="-1"/>
        <WindowIndex Value="1"/>
        <TopLine Value="422"/>
        <CursorPos Y="436"/>
        <UsageCount Value="29"/>
      </Unit5>
      <Unit6>
        <Filename Value="../../runtime/IBCustomDataSet.pas"/>
        <EditorIndex Value="-1"/>
        <WindowIndex Value="1"/>
        <TopLine Value="3620"/>
        <CursorPos Y="3635"/>
        <UsageCount Value="30"/>
      </Unit6>
      <Unit7>
        <Filename Value="../../runtime/IBDatabase.pas"/>
        <EditorIndex Value="-1"/>
        <WindowIndex Value="1"/>
        <TopLine Value="821"/>
        <CursorPos X="18" Y="828"/>
        <UsageCount Value="15"/>
      </Unit7>
      <Unit8>
        <Filename Value="../../runtime/IBQuery.pas"/>
        <TopLine Value="96"/>
        <CursorPos Y="109"/>
        <UsageCount Value="63"/>
      </Unit8>
      <Unit9>
        <Filename Value="/usr/local/share/lazarus/lcl/include/dblookup.inc"/>
        <TopLine Value="201"/>
        <CursorPos X="23" Y="214"/>
        <UsageCount Value="10"/>
      </Unit9>
      <Unit10>
        <Filename Value="/usr/local/share/lazarus/lcl/dbctrls.pp"/>
        <TopLine Value="1484"/>
        <CursorPos Y="1505"/>
        <UsageCount Value="10"/>
      </Unit10>
      <Unit11>
        <Filename Value="../../../../projects/external/lazarus.0.9.30/lcl/include/control.inc"/>
        <TopLine Value="3168"/>
        <CursorPos Y="3189"/>
        <UsageCount Value="5"/>
      </Unit11>
      <Unit12>
        <Filename Value="../../runtime/IBIntf.pas"/>
        <TopLine Value="229"/>
        <CursorPos X="69" Y="251"/>
        <UsageCount Value="10"/>
      </Unit12>
      <Unit13>
        <Filename Value="../../runtime/IBSQL.pas"/>
        <EditorIndex Value="-1"/>
        <WindowIndex Value="1"/>
        <TopLine Value="310"/>
        <CursorPos X="3" Y="328"/>
        <UsageCount Value="12"/>
      </Unit13>
      <Unit14>
        <Filename Value="/usr/share/fpcsrc/2.4.2/rtl/inc/systemh.inc"/>
        <TopLine Value="75"/>
        <CursorPos X="19" Y="95"/>
        <UsageCount Value="6"/>
      </Unit14>
      <Unit15>
        <Filename Value="/usr/share/fpcsrc/2.4.2/packages/fcl-db/src/base/db.pas"/>
        <TopLine Value="1579"/>
        <CursorPos X="46" Y="1597"/>
        <UsageCount Value="9"/>
      </Unit15>
      <Unit16>
        <Filename Value="../../runtime/IBBlob.pas"/>
        <UsageCount Value="6"/>
      </Unit16>
      <Unit17>
        <Filename Value="../../runtime/sv5ipc.inc"/>
        <EditorIndex Value="-1"/>
        <WindowIndex Value="1"/>
        <TopLine Value="2"/>
        <CursorPos X="41" Y="15"/>
        <UsageCount Value="10"/>
      </Unit17>
      <Unit18>
        <Filename Value="/usr/share/fpcsrc/2.4.2/rtl/unix/ipc.pp"/>
        <UsageCount Value="6"/>
      </Unit18>
      <Unit19>
        <Filename Value="/usr/share/fpcsrc/2.4.2/rtl/linux/ipcsys.inc"/>
        <TopLine Value="17"/>
        <CursorPos X="10" Y="34"/>
        <UsageCount Value="6"/>
      </Unit19>
      <Unit20>
        <Filename Value="../../runtime/IBServices.pas"/>
        <TopLine Value="37"/>
        <CursorPos X="3" Y="54"/>
        <UsageCount Value="6"/>
      </Unit20>
      <Unit21>
        <Filename Value="../../runtime/IBExtract.pas"/>
        <TopLine Value="49"/>
        <CursorPos X="59" Y="49"/>
        <UsageCount Value="8"/>
      </Unit21>
      <Unit22>
        <Filename Value="/usr/share/fpcsrc/2.4.2/packages/fcl-db/src/base/dataset.inc"/>
        <TopLine Value="938"/>
        <CursorPos X="3" Y="941"/>
        <UsageCount Value="8"/>
      </Unit22>
      <Unit23>
        <Filename Value="../../../../projects/cdream/dbclients/src/frames/SendEmailFrameUnit.lfm"/>
        <TopLine Value="414"/>
        <CursorPos Y="6"/>
        <UsageCount Value="6"/>
        <DefaultSyntaxHighlighter Value="LFM"/>
      </Unit23>
      <Unit24>
        <Filename Value="../../../../projects/cdream/dbclients/src/framework/BaseFrameUnit.pas"/>
        <TopLine Value="205"/>
        <CursorPos Y="214"/>
        <UsageCount Value="8"/>
      </Unit24>
      <Unit25>
        <Filename Value="../../../../projects/cdream/dbclients/src/framework/ToyShopDBUnit.pas"/>
        <TopLine Value="142"/>
        <CursorPos Y="156"/>
        <UsageCount Value="6"/>
      </Unit25>
      <Unit26>
        <Filename Value="../../../../projects/cdream/dbclients/debian/changelog"/>
        <CursorPos X="60" Y="7"/>
        <UsageCount Value="6"/>
        <DefaultSyntaxHighlighter Value="None"/>
      </Unit26>
      <Unit27>
        <Filename Value="/usr/share/fpcsrc/2.4.2/packages/fcl-db/src/base/database.inc"/>
        <TopLine Value="474"/>
        <CursorPos X="3" Y="476"/>
        <UsageCount Value="7"/>
      </Unit27>
      <Unit28>
        <Filename Value="../../runtime/IBStoredProc.pas"/>
        <TopLine Value="206"/>
        <CursorPos X="6" Y="215"/>
        <UsageCount Value="7"/>
      </Unit28>
      <Unit29>
        <Filename Value="/usr/local/share/lazarus/lcl/include/control.inc"/>
        <TopLine Value="3172"/>
        <CursorPos Y="3189"/>
        <UsageCount Value="7"/>
      </Unit29>
      <Unit30>
        <Filename Value="/usr/share/fpcsrc/2.4.2/rtl/inc/variants.pp"/>
        <TopLine Value="142"/>
        <CursorPos X="53" Y="69"/>
        <UsageCount Value="7"/>
      </Unit30>
      <Unit31>
        <Filename Value="/usr/share/fpcsrc/2.4.2/rtl/inc/varianth.inc"/>
        <TopLine Value="16"/>
        <CursorPos X="13" Y="44"/>
        <UsageCount Value="7"/>
      </Unit31>
      <Unit32>
        <Filename Value="unit1.lfm"/>
        <TopLine Value="172"/>
        <CursorPos X="97" Y="141"/>
        <ExtraEditorCount Value="1"/>
        <ExtraEditor1>
          <TopLine Value="299"/>
          <CursorPos X="28" Y="321"/>
        </ExtraEditor1>
        <UsageCount Value="10"/>
        <DefaultSyntaxHighlighter Value="LFM"/>
      </Unit32>
      <Unit33>
        <Filename Value="../../runtime/IBLookupComboEditBox.pas"/>
        <TopLine Value="78"/>
        <CursorPos Y="89"/>
        <UsageCount Value="14"/>
      </Unit33>
      <Unit34>
        <Filename Value="../../runtime/IBDynamicGrid.pas"/>
        <TopLine Value="22"/>
        <CursorPos X="72" Y="33"/>
        <UsageCount Value="13"/>
      </Unit34>
      <Unit35>
        <Filename Value="../../runtime/IBTreeView.pas"/>
        <TopLine Value="147"/>
        <CursorPos X="26" Y="160"/>
        <UsageCount Value="8"/>
      </Unit35>
      <Unit36>
        <Filename Value="/usr/share/fpcsrc/packages/fcl-db/src/base/db.pas"/>
        <EditorIndex Value="-1"/>
        <WindowIndex Value="1"/>
        <TopLine Value="1559"/>
        <CursorPos X="15" Y="1578"/>
        <UsageCount Value="26"/>
      </Unit36>
      <Unit37>
        <Filename Value="../../../../lcl/controls.pp"/>
        <EditorIndex Value="-1"/>
        <WindowIndex Value="1"/>
        <TopLine Value="1176"/>
        <CursorPos X="15" Y="1186"/>
        <UsageCount Value="22"/>
      </Unit37>
      <Unit38>
        <Filename Value="../../../../lcl/include/wincontrol.inc"/>
        <WindowIndex Value="1"/>
        <TopLine Value="8131"/>
        <CursorPos Y="8144"/>
        <UsageCount Value="14"/>
      </Unit38>
      <Unit39>
        <Filename Value="../../../../lcl/dbgrids.pas"/>
        <EditorIndex Value="-1"/>
        <WindowIndex Value="1"/>
        <TopLine Value="3672"/>
        <CursorPos X="25" Y="3691"/>
        <UsageCount Value="22"/>
      </Unit39>
      <Unit40>
        <Filename Value="../../../../lcl/grids.pas"/>
        <EditorIndex Value="-1"/>
        <WindowIndex Value="1"/>
        <TopLine Value="6558"/>
        <CursorPos Y="6571"/>
        <UsageCount Value="26"/>
      </Unit40>
      <Unit41>
        <Filename Value="../../../../lcl/include/winapih.inc"/>
        <TopLine Value="238"/>
        <CursorPos X="10" Y="253"/>
        <UsageCount Value="14"/>
      </Unit41>
      <Unit42>
        <Filename Value="../../../../lcl/comctrls.pp"/>
        <TopLine Value="2745"/>
        <CursorPos X="54" Y="2758"/>
        <UsageCount Value="11"/>
      </Unit42>
      <Unit43>
        <Filename Value="../../../../lcl/include/treeview.inc"/>
        <TopLine Value="643"/>
        <CursorPos Y="645"/>
        <UsageCount Value="10"/>
      </Unit43>
      <Unit44>
        <Filename Value="../../../../lcl/editbtn.pas"/>
        <TopLine Value="614"/>
        <CursorPos X="3" Y="614"/>
        <UsageCount Value="9"/>
      </Unit44>
      <Unit45>
        <Filename Value="../../runtime/IBSQLParser.pas"/>
        <TopLine Value="604"/>
        <CursorPos Y="620"/>
        <UsageCount Value="10"/>
      </Unit45>
      <Unit46>
        <Filename Value="../../ibcontrols/IBLookupComboEditBox.pas"/>
        <EditorIndex Value="-1"/>
        <WindowIndex Value="1"/>
        <TopLine Value="500"/>
        <CursorPos X="36" Y="525"/>
        <UsageCount Value="13"/>
      </Unit46>
      <Unit47>
        <Filename Value="../../ibcontrols/IBTreeView.pas"/>
        <TopLine Value="142"/>
        <CursorPos Y="142"/>
        <UsageCount Value="10"/>
      </Unit47>
      <Unit48>
        <Filename Value="../../ibcontrols/IBDynamicGrid.pas"/>
        <EditorIndex Value="-1"/>
        <WindowIndex Value="1"/>
        <TopLine Value="22"/>
        <CursorPos X="23" Y="34"/>
        <UsageCount Value="28"/>
      </Unit48>
      <Unit49>
        <Filename Value="../../design/ibselectsqleditor.pas"/>
        <ComponentName Value="IBSelectSQLEditorForm"/>
        <HasResources Value="True"/>
        <ResourceBaseClass Value="Form"/>
        <UsageCount Value="8"/>
      </Unit49>
      <Unit50>
        <Filename Value="../../design/IBEventsEditor.pas"/>
        <ComponentName Value="IBEventsEditor"/>
        <HasResources Value="True"/>
        <ResourceBaseClass Value="Form"/>
        <UsageCount Value="7"/>
      </Unit50>
      <Unit51>
        <Filename Value="../../design/ibdeletesqleditor.pas"/>
        <ComponentName Value="IBDeleteSQLEditorForm"/>
        <HasResources Value="True"/>
        <ResourceBaseClass Value="Form"/>
        <CursorPos X="60" Y="26"/>
        <UsageCount Value="7"/>
      </Unit51>
      <Unit52>
        <Filename Value="../../design/ibinsertsqleditor.pas"/>
        <ComponentName Value="IBInsertSQLEditorForm"/>
        <HasResources Value="True"/>
        <ResourceBaseClass Value="Form"/>
        <CursorPos X="48" Y="18"/>
        <UsageCount Value="7"/>
      </Unit52>
      <Unit53>
        <Filename Value="../../design/ibmodifysqleditor.pas"/>
        <ComponentName Value="IBModifySQLEditorForm"/>
        <HasResources Value="True"/>
        <ResourceBaseClass Value="Form"/>
        <CursorPos X="60" Y="23"/>
        <UsageCount Value="7"/>
      </Unit53>
      <Unit54>
        <Filename Value="../../design/ibupdatesqleditor.pas"/>
        <ComponentName Value="IBUpdateSQLEditorForm"/>
        <HasResources Value="True"/>
        <ResourceBaseClass Value="Form"/>
        <CursorPos X="15" Y="10"/>
        <UsageCount Value="7"/>
      </Unit54>
      <Unit55>
        <Filename Value="../../design/ibsqleditor.pas"/>
        <ComponentName Value="IBSQLEditorForm"/>
        <HasResources Value="True"/>
        <ResourceBaseClass Value="Form"/>
        <TopLine Value="240"/>
        <CursorPos X="3" Y="240"/>
        <UsageCount Value="7"/>
      </Unit55>
      <Unit56>
        <Filename Value="../../design/ibdataseteditor.pas"/>
        <ComponentName Value="IBDataSetEditorForm"/>
        <HasResources Value="True"/>
        <ResourceBaseClass Value="Form"/>
        <CursorPos X="46" Y="18"/>
        <UsageCount Value="7"/>
      </Unit56>
      <Unit57>
        <Filename Value="../../design/dbFieldLinkPropEditor.pas"/>
        <ComponentName Value="FieldLinkEditor"/>
        <HasResources Value="True"/>
        <ResourceBaseClass Value="Form"/>
        <CursorPos X="60" Y="23"/>
        <UsageCount Value="7"/>
      </Unit57>
      <Unit58>
        <Filename Value="../../design/dbFieldListPropEditor.pas"/>
        <ComponentName Value="FieldListEditor"/>
        <HasResources Value="True"/>
        <ResourceBaseClass Value="Form"/>
        <TopLine Value="133"/>
        <CursorPos X="56" Y="137"/>
        <UsageCount Value="7"/>
      </Unit58>
      <Unit59>
        <Filename Value="../../design/IBDatabaseEdit.pas"/>
        <UsageCount Value="7"/>
      </Unit59>
      <Unit60>
        <Filename Value="/usr/share/fpcsrc/packages/fcl-db/src/base/dataset.inc"/>
        <EditorIndex Value="-1"/>
        <WindowIndex Value="1"/>
        <TopLine Value="1482"/>
        <CursorPos X="3" Y="1486"/>
        <UsageCount Value="11"/>
      </Unit60>
      <Unit61>
        <Filename Value="../../../../lcl/themes.pas"/>
        <TopLine Value="791"/>
        <CursorPos X="3" Y="791"/>
        <UsageCount Value="11"/>
      </Unit61>
      <Unit62>
        <Filename Value="../../../../lcl/extctrls.pp"/>
        <WindowIndex Value="1"/>
        <TopLine Value="982"/>
        <CursorPos X="32" Y="992"/>
        <UsageCount Value="20"/>
      </Unit62>
      <Unit63>
        <Filename Value="../../../../lcl/lcltype.pp"/>
        <TopLine Value="47"/>
        <CursorPos X="3" Y="61"/>
        <UsageCount Value="8"/>
      </Unit63>
      <Unit64>
        <Filename Value="../../../../lcl/forms.pp"/>
        <TopLine Value="164"/>
        <CursorPos X="15" Y="179"/>
        <UsageCount Value="9"/>
      </Unit64>
      <Unit65>
        <Filename Value="../../../../lcl/include/application.inc"/>
        <EditorIndex Value="-1"/>
        <WindowIndex Value="1"/>
        <TopLine Value="1043"/>
        <CursorPos Y="1055"/>
        <UsageCount Value="10"/>
      </Unit65>
      <Unit66>
        <Filename Value="/usr/share/fpcsrc/rtl/inc/objpash.inc"/>
        <TopLine Value="169"/>
        <CursorPos X="8" Y="183"/>
        <UsageCount Value="9"/>
      </Unit66>
      <Unit67>
        <Filename Value="../../../../components/lazutils/lazmethodlist.pas"/>
        <TopLine Value="10"/>
        <CursorPos X="15" Y="25"/>
        <UsageCount Value="8"/>
      </Unit67>
      <Unit68>
        <Filename Value="../../../../lcl/include/customform.inc"/>
        <TopLine Value="1803"/>
        <CursorPos Y="1817"/>
        <UsageCount Value="13"/>
      </Unit68>
      <Unit69>
        <Filename Value="../../../../lcl/graphics.pp"/>
        <TopLine Value="1202"/>
        <CursorPos X="14" Y="1216"/>
        <UsageCount Value="15"/>
      </Unit69>
      <Unit70>
        <Filename Value="../../../../lcl/include/winapi.inc"/>
        <TopLine Value="935"/>
        <CursorPos X="3" Y="938"/>
        <UsageCount Value="14"/>
      </Unit70>
      <Unit71>
        <Filename Value="../../../../lcl/include/control.inc"/>
        <EditorIndex Value="-1"/>
        <WindowIndex Value="1"/>
        <TopLine Value="4771"/>
        <CursorPos Y="4784"/>
        <UsageCount Value="11"/>
      </Unit71>
      <Unit72>
        <Filename Value="../../../../lcl/stdctrls.pp"/>
        <TopLine Value="303"/>
        <CursorPos X="24" Y="318"/>
        <UsageCount Value="14"/>
      </Unit72>
      <Unit73>
        <Filename Value="../../../../lcl/include/scrollbar.inc"/>
        <TopLine Value="93"/>
        <CursorPos X="3" Y="97"/>
        <UsageCount Value="8"/>
      </Unit73>
      <Unit74>
        <Filename Value="../../../../lcl/include/scrollingwincontrol.inc"/>
        <TopLine Value="199"/>
        <CursorPos X="3" Y="201"/>
        <UsageCount Value="8"/>
      </Unit74>
      <Unit75>
        <Filename Value="/usr/share/fpcsrc/packages/fcl-image/src/fpcanvas.pp"/>
        <TopLine Value="351"/>
        <CursorPos X="14" Y="363"/>
        <UsageCount Value="13"/>
      </Unit75>
      <Unit76>
        <Filename Value="../../../../lcl/interfaces/gtk2/gtk2winapi.inc"/>
        <TopLine Value="6332"/>
        <CursorPos Y="6346"/>
        <UsageCount Value="12"/>
      </Unit76>
      <Unit77>
        <Filename Value="/usr/share/fpcsrc/packages/fcl-db/src/base/datasource.inc"/>
        <EditorIndex Value="-1"/>
        <WindowIndex Value="1"/>
        <TopLine Value="199"/>
        <CursorPos X="22" Y="202"/>
        <UsageCount Value="11"/>
      </Unit77>
      <Unit78>
        <Filename Value="../ibtreeview/Unit1.pas"/>
        <TopLine Value="145"/>
        <CursorPos X="36" Y="174"/>
        <UsageCount Value="9"/>
      </Unit78>
      <Unit79>
        <Filename Value="../lookupcombobox/Unit1.pas"/>
        <TopLine Value="207"/>
        <CursorPos Y="236"/>
        <UsageCount Value="9"/>
      </Unit79>
      <Unit80>
        <Filename Value="../../runtime/IBDialogs.pas"/>
        <ComponentName Value="IBXLoginDlg"/>
        <HasResources Value="True"/>
        <ResourceBaseClass Value="Form"/>
        <EditorIndex Value="-1"/>
        <WindowIndex Value="1"/>
        <TopLine Value="26"/>
        <CursorPos X="49" Y="42"/>
        <UsageCount Value="10"/>
      </Unit80>
      <Unit81>
        <Filename Value="../../design/IBDBReg.pas"/>
        <TopLine Value="409"/>
        <CursorPos X="62" Y="429"/>
        <UsageCount Value="10"/>
      </Unit81>
      <Unit82>
        <Filename Value="../../../../lcl/dbctrls.pp"/>
        <EditorIndex Value="-1"/>
        <WindowIndex Value="1"/>
        <TopLine Value="789"/>
        <CursorPos X="15" Y="800"/>
        <UsageCount Value="10"/>
      </Unit82>
      <Unit83>
        <Filename Value="../../../../lcl/include/customdbcombobox.inc"/>
        <TopLine Value="67"/>
        <CursorPos Y="74"/>
        <UsageCount Value="10"/>
      </Unit83>
      <Unit84>
        <Filename Value="../../../../lcl/include/customcombobox.inc"/>
        <TopLine Value="227"/>
        <CursorPos Y="237"/>
        <UsageCount Value="10"/>
      </Unit84>
      <Unit85>
        <Filename Value="../../../../lcl/include/dblookupcombobox.inc"/>
        <EditorIndex Value="-1"/>
        <WindowIndex Value="1"/>
        <TopLine Value="27"/>
        <CursorPos X="3" Y="31"/>
        <UsageCount Value="10"/>
      </Unit85>
      <Unit86>
        <Filename Value="../../../../lcl/include/dblookup.inc"/>
        <EditorIndex Value="-1"/>
        <WindowIndex Value="1"/>
        <TopLine Value="281"/>
        <CursorPos X="3" Y="289"/>
        <UsageCount Value="10"/>
      </Unit86>
      <Unit87>
        <Filename Value="/usr/share/fpcsrc/2.6.4/packages/fcl-db/src/base/db.pas"/>
        <EditorIndex Value="-1"/>
        <WindowIndex Value="1"/>
        <TopLine Value="1695"/>
        <CursorPos X="3" Y="1673"/>
        <UsageCount Value="10"/>
      </Unit87>
      <Unit88>
        <Filename Value="../../../mwaframework/source/BaseFrameUnit.pas"/>
        <ComponentName Value="BaseFrame"/>
        <HasResources Value="True"/>
        <ResourceBaseClass Value="Frame"/>
        <EditorIndex Value="-1"/>
        <WindowIndex Value="1"/>
        <TopLine Value="41"/>
        <CursorPos X="42" Y="60"/>
        <UsageCount Value="10"/>
      </Unit88>
      <Unit89>
        <Filename Value="../../../mwaframework/source/BaseFormUnit.pas"/>
        <EditorIndex Value="-1"/>
        <WindowIndex Value="1"/>
        <CursorPos X="64" Y="9"/>
        <UsageCount Value="10"/>
      </Unit89>
      <Unit90>
        <Filename Value="../../../mwaframework/source/CustomDBUnit.pas"/>
        <EditorIndex Value="-1"/>
        <WindowIndex Value="1"/>
        <TopLine Value="72"/>
        <CursorPos X="61" Y="91"/>
        <UsageCount Value="10"/>
      </Unit90>
      <Unit91>
        <Filename Value="../../../mwaframework/source/TopFormUnit.pas"/>
        <EditorIndex Value="-1"/>
        <WindowIndex Value="1"/>
        <CursorPos X="65" Y="13"/>
        <UsageCount Value="10"/>
      </Unit91>
      <Unit92>
        <Filename Value="../../../mwaframework/source/dlg/DBFormUnit.pas"/>
        <EditorIndex Value="-1"/>
        <WindowIndex Value="1"/>
        <CursorPos X="27" Y="7"/>
        <UsageCount Value="10"/>
      </Unit92>
      <Unit93>
        <Filename Value="../../../mwaframework/source/listframeunit.pas"/>
        <ComponentName Value="ListFrame"/>
        <HasResources Value="True"/>
        <ResourceBaseClass Value="Frame"/>
        <EditorIndex Value="-1"/>
        <WindowIndex Value="1"/>
        <CursorPos X="49" Y="10"/>
        <UsageCount Value="10"/>
      </Unit93>
      <Unit94>
        <Filename Value="../../runtime/dblogindlg.pas"/>
        <EditorIndex Value="-1"/>
        <WindowIndex Value="1"/>
        <TopLine Value="40"/>
        <CursorPos X="13" Y="67"/>
        <UsageCount Value="10"/>
      </Unit94>
      <Unit95>
        <Filename Value="../../ibexpress.pas"/>
        <EditorIndex Value="-1"/>
        <WindowIndex Value="1"/>
        <CursorPos X="96" Y="6"/>
        <UsageCount Value="10"/>
      </Unit95>
      <Unit96>
        <Filename Value="MonitorFormUnit.pas"/>
        <IsPartOfProject Value="True"/>
        <ComponentName Value="MonitorForm"/>
        <HasResources Value="True"/>
        <ResourceBaseClass Value="Form"/>
        <IsVisibleTab Value="True"/>
        <EditorIndex Value="2"/>
        <WindowIndex Value="1"/>
        <TopLine Value="13"/>
        <CursorPos X="19" Y="42"/>
        <UsageCount Value="25"/>
        <Loaded Value="True"/>
        <LoadedDesigner Value="True"/>
      </Unit96>
      <Unit97>
        <Filename Value="../../runtime/IBXConst.pas"/>
        <EditorIndex Value="-1"/>
        <WindowIndex Value="1"/>
        <TopLine Value="28"/>
        <UsageCount Value="10"/>
      </Unit97>
      <Unit98>
        <Filename Value="../../runtime/winipc.inc"/>
        <EditorIndex Value="-1"/>
        <WindowIndex Value="1"/>
        <TopLine Value="371"/>
        <CursorPos X="8" Y="386"/>
        <UsageCount Value="10"/>
      </Unit98>
      <Unit99>
        <Filename Value="readme.txt"/>
        <EditorIndex Value="-1"/>
        <WindowIndex Value="1"/>
        <UsageCount Value="10"/>
        <DefaultSyntaxHighlighter Value="None"/>
      </Unit99>
      <Unit100>
        <Filename Value="../../changelog"/>
        <EditorIndex Value="-1"/>
        <WindowIndex Value="1"/>
        <TopLine Value="19"/>
        <CursorPos X="74" Y="35"/>
        <UsageCount Value="10"/>
        <DefaultSyntaxHighlighter Value="None"/>
      </Unit100>
      <Unit101>
        <Filename Value="/usr/share/fpcsrc/packages/rtl-extra/src/unix/ipc.pp"/>
        <EditorIndex Value="-1"/>
        <WindowIndex Value="1"/>
        <TopLine Value="642"/>
        <CursorPos X="46" Y="659"/>
        <UsageCount Value="10"/>
      </Unit101>
      <Unit102>
        <Filename Value="../../../fbintf/client/3.0/FB30Statement.pas"/>
        <EditorIndex Value="1"/>
        <WindowIndex Value="1"/>
        <TopLine Value="1018"/>
        <CursorPos Y="1029"/>
        <UsageCount Value="10"/>
        <Loaded Value="True"/>
      </Unit102>
    </Units>
    <JumpHistory Count="12" HistoryIndex="11">
      <Position1>
        <Filename Value="MainForm.pas"/>
        <Caret Line="362" Column="91" TopLine="343"/>
      </Position1>
      <Position2>
        <Filename Value="MainForm.pas"/>
        <Caret Line="137" Column="44" TopLine="109"/>
      </Position2>
      <Position3>
        <Filename Value="MainForm.pas"/>
        <Caret Line="137" Column="25" TopLine="124"/>
      </Position3>
      <Position4>
        <Filename Value="MainForm.pas"/>
        <Caret Line="213" Column="32" TopLine="209"/>
      </Position4>
      <Position5>
        <Filename Value="MainForm.pas"/>
        <Caret Line="224" Column="43" TopLine="198"/>
      </Position5>
      <Position6>
        <Filename Value="MainForm.pas"/>
        <Caret Line="213" TopLine="198"/>
      </Position6>
      <Position7>
        <Filename Value="MainForm.pas"/>
        <Caret Line="237" Column="19" TopLine="222"/>
      </Position7>
      <Position8>
        <Filename Value="MainForm.pas"/>
        <Caret Line="393" Column="8" TopLine="378"/>
      </Position8>
      <Position9>
        <Filename Value="MainForm.pas"/>
        <Caret Line="149" Column="43" TopLine="134"/>
      </Position9>
      <Position10>
        <Filename Value="MainForm.pas"/>
        <Caret Line="394" Column="39" TopLine="378"/>
      </Position10>
      <Position11>
        <Filename Value="MainForm.pas"/>
        <Caret Line="227" Column="28" TopLine="210"/>
      </Position11>
      <Position12>
        <Filename Value="MainForm.pas"/>
        <Caret Line="392" Column="13" TopLine="364"/>
      </Position12>
    </JumpHistory>
  </ProjectOptions>
  <CompilerOptions>
    <Version Value="11"/>
    <Target>
      <Filename Value="IntegratedMonitoring"/>
    </Target>
    <SearchPaths>
      <IncludeFiles Value="$(ProjOutDir)"/>
      <UnitOutputDirectory Value="lib/$(TargetCPU)-$(TargetOS)"/>
    </SearchPaths>
    <Linking>
      <Options>
        <Win32>
          <GraphicApplication Value="True"/>
        </Win32>
      </Options>
    </Linking>
    <Other>
      <CustomOptions Value="-dUseCThreads"/>
    </Other>
  </CompilerOptions>
  <Debugging>
    <Exceptions Count="3">
      <Item1>
        <Name Value="EAbort"/>
      </Item1>
      <Item2>
        <Name Value="ECodetoolError"/>
      </Item2>
      <Item3>
        <Name Value="EFOpenError"/>
      </Item3>
    </Exceptions>
  </Debugging>
</CONFIG>
