<?xml version="1.0" encoding="UTF-8"?>
<CONFIG>
  <ProjectOptions>
    <Version Value="9"/>
    <General>
      <MainUnit Value="0"/>
      <ResourceType Value="res"/>
      <UseXPManifest Value="True"/>
      <Icon Value="0"/>
    </General>
    <VersionInfo>
      <Language Value=""/>
      <CharSet Value=""/>
    </VersionInfo>
    <BuildModes Count="1">
      <Item1 Name="default" Default="True"/>
    </BuildModes>
    <PublishOptions>
      <Version Value="2"/>
      <IgnoreBinaries Value="False"/>
      <IncludeFileFilter Value="*.(pas|pp|inc|lfm|lpr|lrs|lpi|lpk|sh|xml)"/>
      <ExcludeFileFilter Value="*.(bak|ppu|ppw|o|so);*~;backup"/>
    </PublishOptions>
    <RunParams>
      <local>
        <FormatVersion Value="1"/>
        <LaunchingApplication PathPlusParams="/usr/X11R6/bin/xterm -T 'Lazarus Run Output' -e $(LazarusDir)/tools/runwait.sh $(TargetCmdLine)"/>
      </local>
    </RunParams>
    <RequiredPackages Count="3">
      <Item1>
        <PackageName Value="rxnew"/>
        <MinVersion Major="2" Minor="1" Release="1" Build="103" Valid="True"/>
      </Item1>
      <Item2>
        <PackageName Value="FCL"/>
        <MinVersion Major="1" Valid="True"/>
      </Item2>
      <Item3>
        <PackageName Value="LCL"/>
      </Item3>
    </RequiredPackages>
    <Units Count="23">
      <Unit0>
        <Filename Value="project1.lpr"/>
        <IsPartOfProject Value="True"/>
        <CursorPos Y="14"/>
        <UsageCount Value="20"/>
      </Unit0>
      <Unit1>
        <Filename Value="unit1.pas"/>
        <IsPartOfProject Value="True"/>
        <ComponentName Value="Form1"/>
        <HasResources Value="True"/>
        <ResourceBaseClass Value="Form"/>
        <UnitName Value="Unit1"/>
        <IsVisibleTab Value="True"/>
        <CursorPos X="59" Y="9"/>
        <UsageCount Value="20"/>
        <Loaded Value="True"/>
        <LoadedDesigner Value="True"/>
      </Unit1>
      <Unit2>
        <Filename Value="../../curredit.pas"/>
        <TopLine Value="469"/>
        <CursorPos Y="485"/>
        <UsageCount Value="10"/>
      </Unit2>
      <Unit3>
        <Filename Value="../../tooledit.pas"/>
        <EditorIndex Value="-1"/>
        <TopLine Value="794"/>
        <CursorPos X="5" Y="797"/>
        <UsageCount Value="10"/>
      </Unit3>
      <Unit4>
        <Filename Value="../../rx.inc"/>
        <CursorPos X="20" Y="11"/>
        <UsageCount Value="10"/>
      </Unit4>
      <Unit5>
        <Filename Value="../../../../lcl/maskedit.pp"/>
        <UnitName Value="MaskEdit"/>
        <TopLine Value="149"/>
        <CursorPos X="30" Y="145"/>
        <UsageCount Value="10"/>
      </Unit5>
      <Unit6>
        <Filename Value="../../../../lcl/stdctrls.pp"/>
        <UnitName Value="StdCtrls"/>
        <TopLine Value="677"/>
        <CursorPos X="3" Y="693"/>
        <UsageCount Value="10"/>
      </Unit6>
      <Unit7>
        <Filename Value="../../../../lcl/controls.pp"/>
        <UnitName Value="Controls"/>
        <TopLine Value="1720"/>
        <CursorPos X="15" Y="1736"/>
        <UsageCount Value="10"/>
      </Unit7>
      <Unit8>
        <Filename Value="../../../../lcl/include/wincontrol.inc"/>
        <TopLine Value="4997"/>
        <CursorPos Y="5013"/>
        <UsageCount Value="10"/>
      </Unit8>
      <Unit9>
        <Filename Value="../../../../lcl/dbctrls.pp"/>
        <UnitName Value="DbCtrls"/>
        <TopLine Value="196"/>
        <CursorPos X="15" Y="212"/>
        <UsageCount Value="10"/>
      </Unit9>
      <Unit10>
        <Filename Value="../../../../lcl/include/dbedit.inc"/>
        <TopLine Value="263"/>
        <CursorPos X="3" Y="265"/>
        <UsageCount Value="10"/>
      </Unit10>
      <Unit11>
        <Filename Value="../../../../lcl/graphics.pp"/>
        <UnitName Value="Graphics"/>
        <TopLine Value="1099"/>
        <CursorPos X="15" Y="1115"/>
        <UsageCount Value="10"/>
      </Unit11>
      <Unit12>
        <Filename Value="../../../../lcl/include/canvas.inc"/>
        <TopLine Value="1057"/>
        <CursorPos Y="1073"/>
        <UsageCount Value="10"/>
      </Unit12>
      <Unit13>
        <Filename Value="../../../../lcl/include/control.inc"/>
        <TopLine Value="1615"/>
        <CursorPos Y="1631"/>
        <UsageCount Value="10"/>
      </Unit13>
      <Unit14>
        <Filename Value="../../../../lcl/lclmessageglue.pas"/>
        <UnitName Value="LCLMessageGlue"/>
        <TopLine Value="105"/>
        <CursorPos Y="121"/>
        <UsageCount Value="10"/>
      </Unit14>
      <Unit15>
        <Filename Value="../../../../lcl/interfaces/gtk/gtkproc.inc"/>
        <TopLine Value="3696"/>
        <CursorPos Y="3712"/>
        <UsageCount Value="10"/>
      </Unit15>
      <Unit16>
        <Filename Value="../../../../lcl/interfaces/gtk/gtkcallback.inc"/>
        <TopLine Value="660"/>
        <CursorPos Y="676"/>
        <UsageCount Value="10"/>
      </Unit16>
      <Unit17>
        <Filename Value="../../../../lcl/interfaces/gtk/gtkwidgetset.inc"/>
        <TopLine Value="1200"/>
        <CursorPos Y="1226"/>
        <UsageCount Value="10"/>
      </Unit17>
      <Unit18>
        <Filename Value="../../dbdateedit.pas"/>
        <TopLine Value="211"/>
        <CursorPos Y="227"/>
        <UsageCount Value="10"/>
      </Unit18>
      <Unit19>
        <Filename Value="/home/alexs/install/fpcsrc/rtl/objpas/sysutils/sysinth.inc"/>
        <TopLine Value="77"/>
        <CursorPos X="37" Y="93"/>
        <UsageCount Value="10"/>
      </Unit19>
      <Unit20>
        <Filename Value="../../../../lcl/editbtn.pas"/>
        <UnitName Value="EditBtn"/>
        <EditorIndex Value="-1"/>
        <TopLine Value="774"/>
        <CursorPos Y="792"/>
        <UsageCount Value="10"/>
      </Unit20>
      <Unit21>
        <Filename Value="../../../rxnet/registerrxnet.pas"/>
        <UnitName Value="RegisterRxNet"/>
        <EditorIndex Value="-1"/>
        <CursorPos X="34" Y="19"/>
        <UsageCount Value="10"/>
      </Unit21>
      <Unit22>
        <Filename Value="../../registerrxtools.pas"/>
        <UnitName Value="RegisterRxTools"/>
        <EditorIndex Value="-1"/>
        <TopLine Value="22"/>
        <CursorPos Y="48"/>
        <UsageCount Value="10"/>
      </Unit22>
    </Units>
    <JumpHistory Count="20" HistoryIndex="19">
      <Position1>
        <Filename Value="unit1.pas"/>
        <Caret Line="46" TopLine="28"/>
      </Position1>
      <Position2>
        <Filename Value="unit1.pas"/>
        <Caret Line="18" Column="22" TopLine="8"/>
      </Position2>
      <Position3>
        <Filename Value="unit1.pas"/>
        <Caret Line="46" TopLine="28"/>
      </Position3>
      <Position4>
        <Filename Value="unit1.pas"/>
        <Caret Line="47" TopLine="28"/>
      </Position4>
      <Position5>
        <Filename Value="unit1.pas"/>
        <Caret Line="46" Column="26" TopLine="28"/>
      </Position5>
      <Position6>
        <Filename Value="unit1.pas"/>
        <Caret Line="20" Column="25" TopLine="20"/>
      </Position6>
      <Position7>
        <Filename Value="unit1.pas"/>
        <Caret Line="22" Column="20" TopLine="20"/>
      </Position7>
      <Position8>
        <Filename Value="unit1.pas"/>
        <Caret Line="9" Column="22" TopLine="9"/>
      </Position8>
      <Position9>
        <Filename Value="unit1.pas"/>
        <Caret Line="39" TopLine="22"/>
      </Position9>
      <Position10>
        <Filename Value="unit1.pas"/>
        <Caret Line="38" TopLine="22"/>
      </Position10>
      <Position11>
        <Filename Value="unit1.pas"/>
        <Caret Line="40" Column="7" TopLine="22"/>
      </Position11>
      <Position12>
        <Filename Value="unit1.pas"/>
        <Caret Line="39" Column="7" TopLine="21"/>
      </Position12>
      <Position13>
        <Filename Value="unit1.pas"/>
        <Caret Line="40" Column="7" TopLine="21"/>
      </Position13>
      <Position14>
        <Filename Value="unit1.pas"/>
        <Caret Line="39" Column="7" TopLine="21"/>
      </Position14>
      <Position15>
        <Filename Value="unit1.pas"/>
        <Caret Line="18" Column="15" TopLine="6"/>
      </Position15>
      <Position16>
        <Filename Value="unit1.pas"/>
        <Caret Line="18" Column="15" TopLine="6"/>
      </Position16>
      <Position17>
        <Filename Value="unit1.pas"/>
        <Caret Line="13" Column="26" TopLine="6"/>
      </Position17>
      <Position18>
        <Filename Value="unit1.pas"/>
        <Caret Line="18" Column="18"/>
      </Position18>
      <Position19>
        <Filename Value="unit1.pas"/>
        <Caret Line="17" Column="34"/>
      </Position19>
      <Position20>
        <Filename Value="unit1.pas"/>
        <Caret Line="9" Column="33"/>
      </Position20>
    </JumpHistory>
  </ProjectOptions>
  <CompilerOptions>
    <Version Value="11"/>
    <Target>
      <Filename Value="project1"/>
    </Target>
    <SearchPaths>
      <IncludeFiles Value="$(ProjOutDir)"/>
      <UnitOutputDirectory Value="lib/$(TargetCPU)-$(TargetOS)"/>
    </SearchPaths>
    <Parsing>
      <SyntaxOptions>
        <UseAnsiStrings Value="False"/>
      </SyntaxOptions>
    </Parsing>
    <Linking>
      <Options>
        <Win32>
          <GraphicApplication Value="True"/>
        </Win32>
      </Options>
    </Linking>
  </CompilerOptions>
  <Debugging>
    <Exceptions Count="3">
      <Item1>
        <Name Value="EAbort"/>
      </Item1>
      <Item2>
        <Name Value="ECodetoolError"/>
      </Item2>
      <Item3>
        <Name Value="EFOpenError"/>
      </Item3>
    </Exceptions>
  </Debugging>
</CONFIG>
