<?xml version="1.0"?>
<CONFIG>
  <ProjectOptions>
    <Version Value="9"/>
    <PathDelim Value="\"/>
    <General>
      <Flags>
        <LRSInOutputDirectory Value="False"/>
      </Flags>
      <MainUnit Value="0"/>
      <ActiveWindowIndexAtStart Value="0"/>
    </General>
    <VersionInfo>
      <StringTable ProductVersion=""/>
    </VersionInfo>
    <BuildModes Count="1">
      <Item1 Name="default" Default="True"/>
    </BuildModes>
    <PublishOptions>
      <Version Value="2"/>
      <IgnoreBinaries Value="False"/>
      <IncludeFileFilter Value="*.(pas|pp|inc|lfm|lpr|lrs|lpi|lpk|sh|xml)"/>
      <ExcludeFileFilter Value="*.(bak|ppu|ppw|o|so);*~;backup"/>
    </PublishOptions>
    <RunParams>
      <local>
        <FormatVersion Value="1"/>
        <LaunchingApplication PathPlusParams="\usr\X11R6\bin\xterm -T 'Lazarus Run Output' -e $(LazarusDir)\tools\runwait.sh $(TargetCmdLine)"/>
      </local>
    </RunParams>
    <RequiredPackages Count="2">
      <Item1>
        <PackageName Value="SdpoDSMLaz"/>
        <MinVersion Minor="1" Release="1" Valid="True"/>
      </Item1>
      <Item2>
        <PackageName Value="LCL"/>
      </Item2>
    </RequiredPackages>
    <Units Count="4">
      <Unit0>
        <Filename Value="DSMTest.lpr"/>
        <IsPartOfProject Value="True"/>
        <UnitName Value="DSMTest"/>
        <EditorIndex Value="2"/>
        <WindowIndex Value="0"/>
        <TopLine Value="1"/>
        <CursorPos X="53" Y="11"/>
        <UsageCount Value="20"/>
        <Loaded Value="True"/>
        <LoadedDesigner Value="True"/>
      </Unit0>
      <Unit1>
        <Filename Value="Unit1.pas"/>
        <ComponentName Value="Form1"/>
        <ResourceBaseClass Value="Form"/>
        <UnitName Value="Unit1"/>
        <TopLine Value="1"/>
        <CursorPos X="12" Y="10"/>
        <UsageCount Value="20"/>
      </Unit1>
      <Unit2>
        <Filename Value="Main.pas"/>
        <IsPartOfProject Value="True"/>
        <ComponentName Value="FMain"/>
        <HasResources Value="True"/>
        <ResourceBaseClass Value="Form"/>
        <UnitName Value="Main"/>
        <IsVisibleTab Value="True"/>
        <EditorIndex Value="0"/>
        <WindowIndex Value="0"/>
        <TopLine Value="58"/>
        <CursorPos X="3" Y="63"/>
        <UsageCount Value="20"/>
        <Loaded Value="True"/>
        <LoadedDesigner Value="True"/>
      </Unit2>
      <Unit3>
        <Filename Value="..\sdpodsm.pas"/>
        <UnitName Value="SdpoDSM"/>
        <EditorIndex Value="1"/>
        <WindowIndex Value="0"/>
        <TopLine Value="1171"/>
        <CursorPos X="12" Y="1186"/>
        <UsageCount Value="10"/>
        <Loaded Value="True"/>
      </Unit3>
    </Units>
    <JumpHistory Count="17" HistoryIndex="16">
      <Position1>
        <Filename Value="Main.pas"/>
        <Caret Line="46" Column="8" TopLine="18"/>
      </Position1>
      <Position2>
        <Filename Value="Main.pas"/>
        <Caret Line="114" Column="11" TopLine="86"/>
      </Position2>
      <Position3>
        <Filename Value="Main.pas"/>
        <Caret Line="12" Column="25" TopLine="1"/>
      </Position3>
      <Position4>
        <Filename Value="Main.pas"/>
        <Caret Line="15" Column="3" TopLine="1"/>
      </Position4>
      <Position5>
        <Filename Value="Main.pas"/>
        <Caret Line="18" Column="26" TopLine="1"/>
      </Position5>
      <Position6>
        <Filename Value="Main.pas"/>
        <Caret Line="29" Column="36" TopLine="1"/>
      </Position6>
      <Position7>
        <Filename Value="Main.pas"/>
        <Caret Line="16" Column="37" TopLine="1"/>
      </Position7>
      <Position8>
        <Filename Value="Main.pas"/>
        <Caret Line="15" Column="24" TopLine="1"/>
      </Position8>
      <Position9>
        <Filename Value="Main.pas"/>
        <Caret Line="28" Column="18" TopLine="1"/>
      </Position9>
      <Position10>
        <Filename Value="Main.pas"/>
        <Caret Line="17" Column="26" TopLine="1"/>
      </Position10>
      <Position11>
        <Filename Value="Main.pas"/>
        <Caret Line="39" Column="37" TopLine="11"/>
      </Position11>
      <Position12>
        <Filename Value="Main.pas"/>
        <Caret Line="26" Column="17" TopLine="12"/>
      </Position12>
      <Position13>
        <Filename Value="Main.pas"/>
        <Caret Line="16" Column="22" TopLine="9"/>
      </Position13>
      <Position14>
        <Filename Value="Main.pas"/>
        <Caret Line="15" Column="24" TopLine="9"/>
      </Position14>
      <Position15>
        <Filename Value="Main.pas"/>
        <Caret Line="28" Column="18" TopLine="9"/>
      </Position15>
      <Position16>
        <Filename Value="Main.pas"/>
        <Caret Line="17" Column="24" TopLine="9"/>
      </Position16>
      <Position17>
        <Filename Value="Main.pas"/>
        <Caret Line="113" Column="20" TopLine="85"/>
      </Position17>
    </JumpHistory>
  </ProjectOptions>
  <CompilerOptions>
    <Version Value="9"/>
    <PathDelim Value="\"/>
    <Parsing>
      <SyntaxOptions>
        <UseAnsiStrings Value="False"/>
      </SyntaxOptions>
    </Parsing>
    <Linking>
      <Options>
        <Win32>
          <GraphicApplication Value="True"/>
        </Win32>
      </Options>
    </Linking>
    <Other>
      <CompilerPath Value="$(CompPath)"/>
    </Other>
  </CompilerOptions>
</CONFIG>