<?xml version="1.0" encoding="UTF-8"?>
<CONFIG>
  <ProjectOptions>
    <Version Value="9"/>
    <General>
      <Flags>
        <LRSInOutputDirectory Value="False"/>
      </Flags>
      <MainUnit Value="0"/>
      <Title Value="RxDBGrid demo"/>
      <ResourceType Value="res"/>
      <UseXPManifest Value="True"/>
      <Icon Value="0"/>
    </General>
    <VersionInfo>
      <UseVersionInfo Value="True"/>
      <AutoIncrementBuild Value="True"/>
      <MajorVersionNr Value="3"/>
      <MinorVersionNr Value="4"/>
      <RevisionNr Value="1"/>
      <BuildNr Value="1"/>
      <StringTable ProductName="Demo application from RXFPC library" LegalCopyright="Lagunov Aleksey, GPL 2" ProductVersion="3.1.1.0" FileDescription="Demo application from RXFPC library"/>
    </VersionInfo>
    <BuildModes Count="1">
      <Item1 Name="default" Default="True"/>
    </BuildModes>
    <PublishOptions>
      <Version Value="2"/>
      <IgnoreBinaries Value="False"/>
      <IncludeFileFilter Value="*.(pas|pp|inc|lfm|lpr|lrs|lpi|lpk|sh|xml)"/>
      <ExcludeFileFilter Value="*.(bak|ppu|ppw|o|so);*~;backup"/>
    </PublishOptions>
    <RunParams>
      <local>
        <FormatVersion Value="1"/>
        <LaunchingApplication PathPlusParams="/usr/X11R6/bin/xterm -T 'Lazarus Run Output' -e $(LazarusDir)/tools/runwait.sh $(TargetCmdLine)"/>
      </local>
    </RunParams>
    <RequiredPackages Count="5">
      <Item1>
        <PackageName Value="rxdbgrid_export_spreadsheet"/>
      </Item1>
      <Item2>
        <PackageName Value="rxdbgrid_print"/>
      </Item2>
      <Item3>
        <PackageName Value="FCL"/>
        <MinVersion Major="1" Valid="True"/>
      </Item3>
      <Item4>
        <PackageName Value="LCL"/>
      </Item4>
      <Item5>
        <PackageName Value="rxnew"/>
        <MinVersion Major="1" Release="18" Build="56" Valid="True"/>
      </Item5>
    </RequiredPackages>
    <Units Count="48">
      <Unit0>
        <Filename Value="RxDBGridDemo.lpr"/>
        <IsPartOfProject Value="True"/>
        <EditorIndex Value="-1"/>
        <CursorPos X="47" Y="18"/>
        <UsageCount Value="117"/>
      </Unit0>
      <Unit1>
        <Filename Value="rxdbgridmainunit.pas"/>
        <IsPartOfProject Value="True"/>
        <ComponentName Value="RxDBGridMainForm"/>
        <HasResources Value="True"/>
        <ResourceBaseClass Value="Form"/>
        <UnitName Value="RxDBGridMainUnit"/>
        <IsVisibleTab Value="True"/>
        <TopLine Value="152"/>
        <CursorPos X="33" Y="171"/>
        <UsageCount Value="117"/>
        <Loaded Value="True"/>
      </Unit1>
      <Unit2>
        <Filename Value="../../rxdbgrid.pas"/>
        <EditorIndex Value="-1"/>
        <TopLine Value="2470"/>
        <CursorPos X="72" Y="2503"/>
        <UsageCount Value="11"/>
      </Unit2>
      <Unit3>
        <Filename Value="../../rxdbgridexportspreadsheet.pas"/>
        <UnitName Value="RxDBGridExportSpreadSheet"/>
        <EditorIndex Value="-1"/>
        <TopLine Value="74"/>
        <CursorPos X="41" Y="91"/>
        <UsageCount Value="10"/>
      </Unit3>
      <Unit4>
        <Filename Value="../../rxdconst.pas"/>
        <EditorIndex Value="-1"/>
        <TopLine Value="100"/>
        <CursorPos X="55" Y="121"/>
        <UsageCount Value="10"/>
      </Unit4>
      <Unit5>
        <Filename Value="../../rxautopanel.pas"/>
        <UnitName Value="RxAutoPanel"/>
        <EditorIndex Value="-1"/>
        <TopLine Value="32"/>
        <CursorPos X="74" Y="56"/>
        <UsageCount Value="10"/>
      </Unit5>
      <Unit6>
        <Filename Value="../../registerrx.pas"/>
        <EditorIndex Value="-1"/>
        <TopLine Value="156"/>
        <CursorPos X="47" Y="184"/>
        <UsageCount Value="10"/>
      </Unit6>
      <Unit7>
        <Filename Value="../../rxpickdate.pas"/>
        <EditorIndex Value="-1"/>
        <TopLine Value="246"/>
        <CursorPos Y="257"/>
        <UsageCount Value="10"/>
      </Unit7>
      <Unit8>
        <Filename Value="../../rxtooledit.pas"/>
        <EditorIndex Value="-1"/>
        <CursorPos X="3"/>
        <UsageCount Value="10"/>
      </Unit8>
      <Unit9>
        <Filename Value="../../rxdateutil.pas"/>
        <EditorIndex Value="-1"/>
        <TopLine Value="16"/>
        <CursorPos X="16" Y="32"/>
        <UsageCount Value="10"/>
      </Unit9>
      <Unit10>
        <Filename Value="../../rxdbdateedit.pas"/>
        <EditorIndex Value="-1"/>
        <TopLine Value="97"/>
        <CursorPos X="18" Y="32"/>
        <UsageCount Value="10"/>
      </Unit10>
      <Unit11>
        <Filename Value="../../rxdbutils.pas"/>
        <EditorIndex Value="-1"/>
        <TopLine Value="145"/>
        <CursorPos X="53" Y="168"/>
        <UsageCount Value="10"/>
      </Unit11>
      <Unit12>
        <Filename Value="../../rxdaterangeeditunit.pas"/>
        <UnitName Value="rxDateRangeEditUnit"/>
        <EditorIndex Value="-1"/>
        <TopLine Value="133"/>
        <CursorPos X="8" Y="150"/>
        <UsageCount Value="10"/>
      </Unit12>
      <Unit13>
        <Filename Value="../../rxboxprocs.pas"/>
        <EditorIndex Value="-1"/>
        <UsageCount Value="10"/>
      </Unit13>
      <Unit14>
        <Filename Value="../../rxfduallst.pas"/>
        <EditorIndex Value="-1"/>
        <TopLine Value="22"/>
        <CursorPos X="16" Y="32"/>
        <UsageCount Value="10"/>
      </Unit14>
      <Unit15>
        <Filename Value="../../rxduallist.pas"/>
        <EditorIndex Value="-1"/>
        <TopLine Value="72"/>
        <CursorPos X="35" Y="91"/>
        <UsageCount Value="10"/>
      </Unit15>
      <Unit16>
        <Filename Value="../../rxtbrsetup.pas"/>
        <EditorIndex Value="-1"/>
        <TopLine Value="74"/>
        <CursorPos X="38" Y="93"/>
        <UsageCount Value="10"/>
      </Unit16>
      <Unit17>
        <Filename Value="../../rxceeditlookupfields.pas"/>
        <UnitName Value="rxceEditLookupFields"/>
        <EditorIndex Value="-1"/>
        <TopLine Value="40"/>
        <CursorPos X="9" Y="64"/>
        <UsageCount Value="10"/>
      </Unit17>
      <Unit18>
        <Filename Value="../../register_rxctrl.pas"/>
        <EditorIndex Value="-1"/>
        <TopLine Value="269"/>
        <CursorPos X="24" Y="301"/>
        <UsageCount Value="10"/>
      </Unit18>
      <Unit19>
        <Filename Value="../../LazReport/rxlazreport.pas"/>
        <UnitName Value="RxLazReport"/>
        <EditorIndex Value="-1"/>
        <CursorPos X="90" Y="7"/>
        <UsageCount Value="10"/>
      </Unit19>
      <Unit20>
        <Filename Value="../../LazReport/lrrxcontrols.pas"/>
        <UnitName Value="lrRxControls"/>
        <EditorIndex Value="-1"/>
        <TopLine Value="122"/>
        <CursorPos X="74" Y="139"/>
        <UsageCount Value="10"/>
      </Unit20>
      <Unit21>
        <Filename Value="../../rxvclutils.pas"/>
        <EditorIndex Value="-1"/>
        <UsageCount Value="10"/>
      </Unit21>
      <Unit22>
        <Filename Value="../../rxctrls.pas"/>
        <EditorIndex Value="-1"/>
        <TopLine Value="819"/>
        <CursorPos X="27" Y="824"/>
        <UsageCount Value="10"/>
      </Unit22>
      <Unit23>
        <Filename Value="../../rxtoolbar.pas"/>
        <EditorIndex Value="-1"/>
        <TopLine Value="272"/>
        <CursorPos X="35" Y="281"/>
        <UsageCount Value="10"/>
      </Unit23>
      <Unit24>
        <Filename Value="../../rxswitch.pas"/>
        <EditorIndex Value="-1"/>
        <TopLine Value="136"/>
        <CursorPos X="16" Y="157"/>
        <UsageCount Value="10"/>
      </Unit24>
      <Unit25>
        <Filename Value="../../rxdice.pas"/>
        <EditorIndex Value="-1"/>
        <TopLine Value="16"/>
        <CursorPos X="49" Y="38"/>
        <UsageCount Value="10"/>
      </Unit25>
      <Unit26>
        <Filename Value="../../rxclock.pas"/>
        <EditorIndex Value="-1"/>
        <TopLine Value="166"/>
        <CursorPos X="16" Y="181"/>
        <UsageCount Value="10"/>
      </Unit26>
      <Unit27>
        <Filename Value="../../rxspin.pas"/>
        <EditorIndex Value="-1"/>
        <TopLine Value="242"/>
        <CursorPos X="13" Y="245"/>
        <UsageCount Value="10"/>
      </Unit27>
      <Unit28>
        <Filename Value="../../rxmdi.pas"/>
        <UnitName Value="RxMDI"/>
        <EditorIndex Value="-1"/>
        <TopLine Value="134"/>
        <CursorPos Y="160"/>
        <UsageCount Value="10"/>
      </Unit28>
      <Unit29>
        <Filename Value="../../rxpopupunit.pas"/>
        <EditorIndex Value="-1"/>
        <TopLine Value="233"/>
        <CursorPos X="6" Y="250"/>
        <UsageCount Value="10"/>
      </Unit29>
      <Unit30>
        <Filename Value="../../rxlookup.pas"/>
        <EditorIndex Value="-1"/>
        <TopLine Value="13"/>
        <CursorPos X="23" Y="41"/>
        <UsageCount Value="10"/>
      </Unit30>
      <Unit31>
        <Filename Value="../../rxdbctrls.pas"/>
        <UnitName Value="RxDBCtrls"/>
        <EditorIndex Value="-1"/>
        <TopLine Value="187"/>
        <CursorPos X="29" Y="215"/>
        <UsageCount Value="10"/>
      </Unit31>
      <Unit32>
        <Filename Value="../../rxdbgridexportpdf.pas"/>
        <UnitName Value="RxDBGridExportPdf"/>
        <EditorIndex Value="-1"/>
        <TopLine Value="23"/>
        <CursorPos X="38" Y="40"/>
        <UsageCount Value="10"/>
      </Unit32>
      <Unit33>
        <Filename Value="../../rxlogin.pas"/>
        <EditorIndex Value="-1"/>
        <TopLine Value="196"/>
        <CursorPos X="47" Y="209"/>
        <UsageCount Value="10"/>
      </Unit33>
      <Unit34>
        <Filename Value="../../rxdbgridprintgrid.pas"/>
        <UnitName Value="RxDBGridPrintGrid"/>
        <EditorIndex Value="-1"/>
        <TopLine Value="22"/>
        <CursorPos X="24" Y="39"/>
        <UsageCount Value="10"/>
      </Unit34>
      <Unit35>
        <Filename Value="../../rxseldsfrm.pas"/>
        <EditorIndex Value="-1"/>
        <TopLine Value="61"/>
        <CursorPos X="16" Y="32"/>
        <UsageCount Value="10"/>
      </Unit35>
      <Unit36>
        <Filename Value="../../registerrxdb.pas"/>
        <UnitName Value="RegisterRxDB"/>
        <EditorIndex Value="-1"/>
        <TopLine Value="149"/>
        <CursorPos X="19" Y="165"/>
        <UsageCount Value="10"/>
      </Unit36>
      <Unit37>
        <Filename Value="../../rxcurredit.pas"/>
        <EditorIndex Value="-1"/>
        <TopLine Value="113"/>
        <CursorPos X="3" Y="130"/>
        <UsageCount Value="10"/>
      </Unit37>
      <Unit38>
        <Filename Value="../../rxdbcurredit.pas"/>
        <EditorIndex Value="-1"/>
        <TopLine Value="25"/>
        <CursorPos X="18" Y="34"/>
        <UsageCount Value="10"/>
      </Unit38>
      <Unit39>
        <Filename Value="../../rxfolderlister.pas"/>
        <EditorIndex Value="-1"/>
        <TopLine Value="13"/>
        <CursorPos X="20" Y="32"/>
        <UsageCount Value="10"/>
      </Unit39>
      <Unit40>
        <Filename Value="../../rxpagemngr.pas"/>
        <EditorIndex Value="-1"/>
        <TopLine Value="26"/>
        <CursorPos X="74" Y="49"/>
        <UsageCount Value="10"/>
      </Unit40>
      <Unit41>
        <Filename Value="../../rxdbgrid_findunit.pas"/>
        <EditorIndex Value="-1"/>
        <TopLine Value="55"/>
        <CursorPos X="8" Y="72"/>
        <UsageCount Value="10"/>
      </Unit41>
      <Unit42>
        <Filename Value="../../rxdbspinedit.pas"/>
        <UnitName Value="RxDBSpinEdit"/>
        <EditorIndex Value="-1"/>
        <TopLine Value="115"/>
        <CursorPos X="8" Y="132"/>
        <UsageCount Value="10"/>
      </Unit42>
      <Unit43>
        <Filename Value="../../rxdbtimeedit.pas"/>
        <UnitName Value="RxDBTimeEdit"/>
        <EditorIndex Value="-1"/>
        <TopLine Value="125"/>
        <CursorPos X="8" Y="142"/>
        <UsageCount Value="10"/>
      </Unit43>
      <Unit44>
        <Filename Value="../../rxmemds.pas"/>
        <EditorIndex Value="-1"/>
        <TopLine Value="247"/>
        <CursorPos X="36" Y="264"/>
        <UsageCount Value="10"/>
      </Unit44>
      <Unit45>
        <Filename Value="../../rxdbcomb.pas"/>
        <EditorIndex Value="-1"/>
        <TopLine Value="156"/>
        <CursorPos X="8" Y="173"/>
        <UsageCount Value="10"/>
      </Unit45>
      <Unit46>
        <Filename Value="../../rxdbgridfootertools_setup.pas"/>
        <EditorIndex Value="-1"/>
        <TopLine Value="52"/>
        <CursorPos X="8" Y="69"/>
        <UsageCount Value="10"/>
      </Unit46>
      <Unit47>
        <Filename Value="../../rxxpman.pas"/>
        <EditorIndex Value="-1"/>
        <TopLine Value="14"/>
        <CursorPos X="6" Y="56"/>
        <UsageCount Value="10"/>
      </Unit47>
    </Units>
    <JumpHistory HistoryIndex="-1"/>
  </ProjectOptions>
  <CompilerOptions>
    <Version Value="11"/>
    <Target>
      <Filename Value="RxDBGridDemo"/>
    </Target>
    <SearchPaths>
      <UnitOutputDirectory Value="lib/$(TargetCPU)-$(TargetOS)"/>
      <SrcPath Value="$(LazarusDir)/lcl;$(LazarusDir)/lcl/interfaces/$(LCLWidgetType)"/>
    </SearchPaths>
    <Parsing>
      <SyntaxOptions>
        <UseAnsiStrings Value="False"/>
      </SyntaxOptions>
    </Parsing>
    <Linking>
      <Options>
        <Win32>
          <GraphicApplication Value="True"/>
        </Win32>
      </Options>
    </Linking>
  </CompilerOptions>
</CONFIG>
