<?xml version="1.0" encoding="UTF-8"?><CONFIG>  <ProjectOptions>    <Version Value="9"/>    <General>      <MainUnit Value="0"/>      <ResourceType Value="res"/>      <UseXPManifest Value="True"/>      <Icon Value="0"/>    </General>    <i18n>      <EnableI18N LFM="False"/>    </i18n>    <VersionInfo>      <StringTable ProductVersion=""/>    </VersionInfo>    <BuildModes Count="1" Active="Default">      <Item1 Name="Default" Default="True"/>    </BuildModes>    <PublishOptions>      <Version Value="2"/>      <IncludeFileFilter Value="*.(pas|pp|inc|lfm|lpr|lrs|lpi|lpk|sh|xml)"/>      <ExcludeFileFilter Value="*.(bak|ppu|o|so);*~;backup"/>    </PublishOptions>    <RunParams>      <local>        <FormatVersion Value="1"/>      </local>    </RunParams>    <RequiredPackages Count="4">      <Item1>        <PackageName Value="ibcontrols"/>      </Item1>      <Item2>        <PackageName Value="FCL"/>        <MinVersion Major="1" Valid="True"/>      </Item2>      <Item3>        <PackageName Value="ibexpress"/>        <MinVersion Minor="9" Valid="True"/>      </Item3>      <Item4>        <PackageName Value="LCL"/>      </Item4>    </RequiredPackages>    <Units Count="151">      <Unit0>        <Filename Value="project1.lpr"/>        <IsPartOfProject Value="True"/>        <EditorIndex Value="-1"/>        <CursorPos X="33" Y="10"/>        <UsageCount Value="177"/>      </Unit0>      <Unit1>        <Filename Value="unit1.pas"/>        <IsPartOfProject Value="True"/>        <ComponentName Value="Form1"/>        <HasResources Value="True"/>        <ResourceBaseClass Value="Form"/>        <UnitName Value="Unit1"/>        <IsVisibleTab Value="True"/>        <CursorPos X="119" Y="8"/>        <UsageCount Value="177"/>        <Loaded Value="True"/>        <LoadedDesigner Value="True"/>      </Unit1>      <Unit2>        <Filename Value="../../runtime/IBSQLMonitor.pas"/>        <EditorIndex Value="-1"/>        <WindowIndex Value="1"/>        <TopLine Value="1088"/>        <CursorPos X="70" Y="1105"/>        <UsageCount Value="6"/>      </Unit2>      <Unit3>        <Filename Value="unit2.pas"/>        <IsPartOfProject Value="True"/>        <ComponentName Value="SelectDeptDlg"/>        <HasResources Value="True"/>        <ResourceBaseClass Value="Form"/>        <UnitName Value="Unit2"/>        <EditorIndex Value="-1"/>        <WindowIndex Value="1"/>        <TopLine Value="9"/>        <CursorPos X="87" Y="24"/>        <UsageCount Value="166"/>      </Unit3>      <Unit4>        <Filename Value="unit3.pas"/>        <ComponentName Value="AddEmployeeDlg"/>        <HasResources Value="True"/>        <ResourceBaseClass Value="Form"/>        <TopLine Value="28"/>        <CursorPos Y="48"/>        <UsageCount Value="83"/>      </Unit4>      <Unit5>        <Filename Value="../../runtime/IB.pas"/>        <EditorIndex Value="-1"/>        <WindowIndex Value="1"/>        <TopLine Value="40"/>        <CursorPos X="51" Y="50"/>        <UsageCount Value="28"/>      </Unit5>      <Unit6>        <Filename Value="../../runtime/IBCustomDataSet.pas"/>        <EditorIndex Value="-1"/>        <TopLine Value="65"/>        <CursorPos X="3" Y="68"/>        <UsageCount Value="43"/>      </Unit6>      <Unit7>        <Filename Value="../../runtime/IBDatabase.pas"/>        <EditorIndex Value="-1"/>        <TopLine Value="339"/>        <CursorPos X="15" Y="340"/>        <UsageCount Value="25"/>      </Unit7>      <Unit8>        <Filename Value="../../runtime/IBQuery.pas"/>        <EditorIndex Value="-1"/>        <TopLine Value="28"/>        <CursorPos X="26" Y="47"/>        <UsageCount Value="59"/>      </Unit8>      <Unit9>        <Filename Value="/usr/local/share/lazarus/lcl/include/dblookup.inc"/>        <TopLine Value="201"/>        <CursorPos X="23" Y="214"/>        <UsageCount Value="5"/>      </Unit9>      <Unit10>        <Filename Value="/usr/local/share/lazarus/lcl/dbctrls.pp"/>        <TopLine Value="1484"/>        <CursorPos Y="1505"/>        <UsageCount Value="5"/>      </Unit10>      <Unit11>        <Filename Value="../../../../projects/external/lazarus.0.9.30/lcl/include/control.inc"/>        <TopLine Value="3168"/>        <CursorPos Y="3189"/>        <UsageCount Value="10"/>      </Unit11>      <Unit12>        <Filename Value="../../runtime/IBIntf.pas"/>        <EditorIndex Value="-1"/>        <WindowIndex Value="1"/>        <TopLine Value="300"/>        <CursorPos X="39" Y="330"/>        <UsageCount Value="5"/>      </Unit12>      <Unit13>        <Filename Value="../../runtime/IBSQL.pas"/>        <EditorIndex Value="-1"/>        <TopLine Value="187"/>        <CursorPos X="19" Y="216"/>        <UsageCount Value="20"/>      </Unit13>      <Unit14>        <Filename Value="/usr/share/fpcsrc/2.4.2/rtl/inc/systemh.inc"/>        <TopLine Value="75"/>        <CursorPos X="19" Y="95"/>        <UsageCount Value="1"/>      </Unit14>      <Unit15>        <Filename Value="/usr/share/fpcsrc/2.4.2/packages/fcl-db/src/base/db.pas"/>        <TopLine Value="1579"/>        <CursorPos X="46" Y="1597"/>        <UsageCount Value="4"/>      </Unit15>      <Unit16>        <Filename Value="../../runtime/IBBlob.pas"/>        <EditorIndex Value="-1"/>        <WindowIndex Value="1"/>        <TopLine Value="23"/>        <CursorPos X="22" Y="40"/>        <UsageCount Value="6"/>      </Unit16>      <Unit17>        <Filename Value="../../runtime/sv5ipc.inc"/>        <TopLine Value="312"/>        <CursorPos X="6" Y="329"/>        <UsageCount Value="1"/>      </Unit17>      <Unit18>        <Filename Value="/usr/share/fpcsrc/2.4.2/rtl/unix/ipc.pp"/>        <UsageCount Value="1"/>      </Unit18>      <Unit19>        <Filename Value="/usr/share/fpcsrc/2.4.2/rtl/linux/ipcsys.inc"/>        <TopLine Value="17"/>        <CursorPos X="10" Y="34"/>        <UsageCount Value="1"/>      </Unit19>      <Unit20>        <Filename Value="../../runtime/IBServices.pas"/>        <EditorIndex Value="-1"/>        <WindowIndex Value="1"/>        <TopLine Value="274"/>        <CursorPos X="49" Y="575"/>        <UsageCount Value="5"/>      </Unit20>      <Unit21>        <Filename Value="../../runtime/IBExtract.pas"/>        <TopLine Value="49"/>        <CursorPos X="59" Y="49"/>        <UsageCount Value="3"/>      </Unit21>      <Unit22>        <Filename Value="/usr/share/fpcsrc/2.4.2/packages/fcl-db/src/base/dataset.inc"/>        <TopLine Value="938"/>        <CursorPos X="3" Y="941"/>        <UsageCount Value="3"/>      </Unit22>      <Unit23>        <Filename Value="../../../../projects/cdream/dbclients/src/frames/SendEmailFrameUnit.lfm"/>        <TopLine Value="414"/>        <CursorPos Y="6"/>        <UsageCount Value="1"/>        <DefaultSyntaxHighlighter Value="LFM"/>      </Unit23>      <Unit24>        <Filename Value="../../../../projects/cdream/dbclients/src/framework/BaseFrameUnit.pas"/>        <TopLine Value="205"/>        <CursorPos Y="214"/>        <UsageCount Value="3"/>      </Unit24>      <Unit25>        <Filename Value="../../../../projects/cdream/dbclients/src/framework/ToyShopDBUnit.pas"/>        <TopLine Value="142"/>        <CursorPos Y="156"/>        <UsageCount Value="1"/>      </Unit25>      <Unit26>        <Filename Value="../../../../projects/cdream/dbclients/debian/changelog"/>        <CursorPos X="60" Y="7"/>        <UsageCount Value="1"/>        <DefaultSyntaxHighlighter Value="None"/>      </Unit26>      <Unit27>        <Filename Value="/usr/share/fpcsrc/2.4.2/packages/fcl-db/src/base/database.inc"/>        <TopLine Value="474"/>        <CursorPos X="3" Y="476"/>        <UsageCount Value="2"/>      </Unit27>      <Unit28>        <Filename Value="../../runtime/IBStoredProc.pas"/>        <TopLine Value="206"/>        <CursorPos X="6" Y="215"/>        <UsageCount Value="2"/>      </Unit28>      <Unit29>        <Filename Value="/usr/local/share/lazarus/lcl/include/control.inc"/>        <TopLine Value="3172"/>        <CursorPos Y="3189"/>        <UsageCount Value="2"/>      </Unit29>      <Unit30>        <Filename Value="/usr/share/fpcsrc/2.4.2/rtl/inc/variants.pp"/>        <TopLine Value="142"/>        <CursorPos X="53" Y="69"/>        <UsageCount Value="2"/>      </Unit30>      <Unit31>        <Filename Value="/usr/share/fpcsrc/2.4.2/rtl/inc/varianth.inc"/>        <TopLine Value="16"/>        <CursorPos X="13" Y="44"/>        <UsageCount Value="2"/>      </Unit31>      <Unit32>        <Filename Value="unit1.lfm"/>        <EditorIndex Value="-1"/>        <TopLine Value="578"/>        <CursorPos X="11" Y="603"/>        <ExtraEditorCount Value="1"/>        <ExtraEditor1>          <EditorIndex Value="-1"/>        </ExtraEditor1>        <UsageCount Value="9"/>        <DefaultSyntaxHighlighter Value="LFM"/>      </Unit32>      <Unit33>        <Filename Value="../../runtime/IBLookupComboEditBox.pas"/>        <TopLine Value="78"/>        <CursorPos Y="89"/>        <UsageCount Value="9"/>      </Unit33>      <Unit34>        <Filename Value="../../runtime/IBDynamicGrid.pas"/>        <TopLine Value="22"/>        <CursorPos X="72" Y="33"/>        <UsageCount Value="8"/>      </Unit34>      <Unit35>        <Filename Value="../../runtime/IBTreeView.pas"/>        <TopLine Value="147"/>        <CursorPos X="26" Y="160"/>        <UsageCount Value="3"/>      </Unit35>      <Unit36>        <Filename Value="/usr/share/fpcsrc/packages/fcl-db/src/base/db.pas"/>        <EditorIndex Value="-1"/>        <TopLine Value="1951"/>        <CursorPos X="21" Y="1972"/>        <UsageCount Value="33"/>      </Unit36>      <Unit37>        <Filename Value="../../../../lcl/controls.pp"/>        <EditorIndex Value="-1"/>        <WindowIndex Value="1"/>        <TopLine Value="1176"/>        <CursorPos X="15" Y="1186"/>        <UsageCount Value="17"/>      </Unit37>      <Unit38>        <Filename Value="../../../../lcl/include/wincontrol.inc"/>        <WindowIndex Value="1"/>        <TopLine Value="8131"/>        <CursorPos Y="8144"/>        <UsageCount Value="9"/>      </Unit38>      <Unit39>        <Filename Value="../../../../lcl/dbgrids.pas"/>        <EditorIndex Value="-1"/>        <WindowIndex Value="1"/>        <TopLine Value="3672"/>        <CursorPos X="25" Y="3691"/>        <UsageCount Value="17"/>      </Unit39>      <Unit40>        <Filename Value="../../../../lcl/grids.pas"/>        <EditorIndex Value="-1"/>        <WindowIndex Value="1"/>        <TopLine Value="6558"/>        <CursorPos Y="6571"/>        <UsageCount Value="21"/>      </Unit40>      <Unit41>        <Filename Value="../../../../lcl/include/winapih.inc"/>        <TopLine Value="238"/>        <CursorPos X="10" Y="253"/>        <UsageCount Value="9"/>      </Unit41>      <Unit42>        <Filename Value="../../../../lcl/comctrls.pp"/>        <TopLine Value="2745"/>        <CursorPos X="54" Y="2758"/>        <UsageCount Value="6"/>      </Unit42>      <Unit43>        <Filename Value="../../../../lcl/include/treeview.inc"/>        <TopLine Value="643"/>        <CursorPos Y="645"/>        <UsageCount Value="5"/>      </Unit43>      <Unit44>        <Filename Value="../../../../lcl/editbtn.pas"/>        <TopLine Value="614"/>        <CursorPos X="3" Y="614"/>        <UsageCount Value="4"/>      </Unit44>      <Unit45>        <Filename Value="../../runtime/IBSQLParser.pas"/>        <TopLine Value="604"/>        <CursorPos Y="620"/>        <UsageCount Value="5"/>      </Unit45>      <Unit46>        <Filename Value="../../ibcontrols/IBLookupComboEditBox.pas"/>        <EditorIndex Value="-1"/>        <WindowIndex Value="1"/>        <TopLine Value="500"/>        <CursorPos X="36" Y="525"/>        <UsageCount Value="8"/>      </Unit46>      <Unit47>        <Filename Value="../../ibcontrols/IBTreeView.pas"/>        <TopLine Value="142"/>        <CursorPos Y="142"/>        <UsageCount Value="5"/>      </Unit47>      <Unit48>        <Filename Value="../../ibcontrols/IBDynamicGrid.pas"/>        <EditorIndex Value="-1"/>        <WindowIndex Value="1"/>        <TopLine Value="1029"/>        <CursorPos Y="1041"/>        <UsageCount Value="23"/>      </Unit48>      <Unit49>        <Filename Value="../../design/ibselectsqleditor.pas"/>        <ComponentName Value="IBSelectSQLEditorForm"/>        <HasResources Value="True"/>        <ResourceBaseClass Value="Form"/>        <UsageCount Value="3"/>      </Unit49>      <Unit50>        <Filename Value="../../design/IBEventsEditor.pas"/>        <ComponentName Value="IBEventsEditor"/>        <HasResources Value="True"/>        <ResourceBaseClass Value="Form"/>        <UsageCount Value="2"/>      </Unit50>      <Unit51>        <Filename Value="../../design/ibdeletesqleditor.pas"/>        <ComponentName Value="IBDeleteSQLEditorForm"/>        <HasResources Value="True"/>        <ResourceBaseClass Value="Form"/>        <CursorPos X="60" Y="26"/>        <UsageCount Value="2"/>      </Unit51>      <Unit52>        <Filename Value="../../design/ibinsertsqleditor.pas"/>        <ComponentName Value="IBInsertSQLEditorForm"/>        <HasResources Value="True"/>        <ResourceBaseClass Value="Form"/>        <CursorPos X="48" Y="18"/>        <UsageCount Value="2"/>      </Unit52>      <Unit53>        <Filename Value="../../design/ibmodifysqleditor.pas"/>        <ComponentName Value="IBModifySQLEditorForm"/>        <HasResources Value="True"/>        <ResourceBaseClass Value="Form"/>        <CursorPos X="60" Y="23"/>        <UsageCount Value="2"/>      </Unit53>      <Unit54>        <Filename Value="../../design/ibupdatesqleditor.pas"/>        <ComponentName Value="IBUpdateSQLEditorForm"/>        <HasResources Value="True"/>        <ResourceBaseClass Value="Form"/>        <CursorPos X="15" Y="10"/>        <UsageCount Value="2"/>      </Unit54>      <Unit55>        <Filename Value="../../design/ibsqleditor.pas"/>        <ComponentName Value="IBSQLEditorForm"/>        <HasResources Value="True"/>        <ResourceBaseClass Value="Form"/>        <TopLine Value="240"/>        <CursorPos X="3" Y="240"/>        <UsageCount Value="2"/>      </Unit55>      <Unit56>        <Filename Value="../../design/ibdataseteditor.pas"/>        <ComponentName Value="IBDataSetEditorForm"/>        <HasResources Value="True"/>        <ResourceBaseClass Value="Form"/>        <CursorPos X="46" Y="18"/>        <UsageCount Value="2"/>      </Unit56>      <Unit57>        <Filename Value="../../design/dbFieldLinkPropEditor.pas"/>        <ComponentName Value="FieldLinkEditor"/>        <HasResources Value="True"/>        <ResourceBaseClass Value="Form"/>        <CursorPos X="60" Y="23"/>        <UsageCount Value="2"/>      </Unit57>      <Unit58>        <Filename Value="../../design/dbFieldListPropEditor.pas"/>        <ComponentName Value="FieldListEditor"/>        <HasResources Value="True"/>        <ResourceBaseClass Value="Form"/>        <TopLine Value="133"/>        <CursorPos X="56" Y="137"/>        <UsageCount Value="2"/>      </Unit58>      <Unit59>        <Filename Value="../../design/IBDatabaseEdit.pas"/>        <ComponentName Value="IBDatabaseEditForm"/>        <HasResources Value="True"/>        <ResourceBaseClass Value="Form"/>        <EditorIndex Value="-1"/>        <WindowIndex Value="1"/>        <TopLine Value="270"/>        <CursorPos X="17" Y="287"/>        <UsageCount Value="6"/>      </Unit59>      <Unit60>        <Filename Value="/usr/share/fpcsrc/packages/fcl-db/src/base/dataset.inc"/>        <EditorIndex Value="-1"/>        <TopLine Value="2467"/>        <CursorPos X="3" Y="88"/>        <UsageCount Value="11"/>      </Unit60>      <Unit61>        <Filename Value="../../../../lcl/themes.pas"/>        <TopLine Value="791"/>        <CursorPos X="3" Y="791"/>        <UsageCount Value="6"/>      </Unit61>      <Unit62>        <Filename Value="../../../../lcl/extctrls.pp"/>        <WindowIndex Value="1"/>        <TopLine Value="982"/>        <CursorPos X="32" Y="992"/>        <UsageCount Value="15"/>      </Unit62>      <Unit63>        <Filename Value="../../../../lcl/lcltype.pp"/>        <TopLine Value="47"/>        <CursorPos X="3" Y="61"/>        <UsageCount Value="3"/>      </Unit63>      <Unit64>        <Filename Value="../../../../lcl/forms.pp"/>        <UnitName Value="Forms"/>        <EditorIndex Value="-1"/>        <WindowIndex Value="1"/>        <TopLine Value="1254"/>        <CursorPos X="35" Y="1266"/>        <UsageCount Value="6"/>      </Unit64>      <Unit65>        <Filename Value="../../../../lcl/include/application.inc"/>        <EditorIndex Value="-1"/>        <WindowIndex Value="1"/>        <TopLine Value="1043"/>        <CursorPos Y="1055"/>        <UsageCount Value="5"/>      </Unit65>      <Unit66>        <Filename Value="/usr/share/fpcsrc/rtl/inc/objpash.inc"/>        <TopLine Value="169"/>        <CursorPos X="8" Y="183"/>        <UsageCount Value="4"/>      </Unit66>      <Unit67>        <Filename Value="../../../../components/lazutils/lazmethodlist.pas"/>        <TopLine Value="10"/>        <CursorPos X="15" Y="25"/>        <UsageCount Value="3"/>      </Unit67>      <Unit68>        <Filename Value="../../../../lcl/include/customform.inc"/>        <TopLine Value="1803"/>        <CursorPos Y="1817"/>        <UsageCount Value="8"/>      </Unit68>      <Unit69>        <Filename Value="../../../../lcl/graphics.pp"/>        <TopLine Value="1202"/>        <CursorPos X="14" Y="1216"/>        <UsageCount Value="10"/>      </Unit69>      <Unit70>        <Filename Value="../../../../lcl/include/winapi.inc"/>        <TopLine Value="935"/>        <CursorPos X="3" Y="938"/>        <UsageCount Value="9"/>      </Unit70>      <Unit71>        <Filename Value="../../../../lcl/include/control.inc"/>        <EditorIndex Value="-1"/>        <WindowIndex Value="1"/>        <TopLine Value="4771"/>        <CursorPos Y="4784"/>        <UsageCount Value="6"/>      </Unit71>      <Unit72>        <Filename Value="../../../../lcl/stdctrls.pp"/>        <TopLine Value="303"/>        <CursorPos X="24" Y="318"/>        <UsageCount Value="9"/>      </Unit72>      <Unit73>        <Filename Value="../../../../lcl/include/scrollbar.inc"/>        <TopLine Value="93"/>        <CursorPos X="3" Y="97"/>        <UsageCount Value="3"/>      </Unit73>      <Unit74>        <Filename Value="../../../../lcl/include/scrollingwincontrol.inc"/>        <TopLine Value="199"/>        <CursorPos X="3" Y="201"/>        <UsageCount Value="3"/>      </Unit74>      <Unit75>        <Filename Value="/usr/share/fpcsrc/packages/fcl-image/src/fpcanvas.pp"/>        <TopLine Value="351"/>        <CursorPos X="14" Y="363"/>        <UsageCount Value="8"/>      </Unit75>      <Unit76>        <Filename Value="../../../../lcl/interfaces/gtk2/gtk2winapi.inc"/>        <TopLine Value="6332"/>        <CursorPos Y="6346"/>        <UsageCount Value="7"/>      </Unit76>      <Unit77>        <Filename Value="/usr/share/fpcsrc/packages/fcl-db/src/base/datasource.inc"/>        <EditorIndex Value="-1"/>        <WindowIndex Value="1"/>        <TopLine Value="199"/>        <CursorPos X="22" Y="202"/>        <UsageCount Value="6"/>      </Unit77>      <Unit78>        <Filename Value="../ibtreeview/Unit1.pas"/>        <TopLine Value="145"/>        <CursorPos X="36" Y="174"/>        <UsageCount Value="4"/>      </Unit78>      <Unit79>        <Filename Value="../lookupcombobox/Unit1.pas"/>        <TopLine Value="207"/>        <CursorPos Y="236"/>        <UsageCount Value="4"/>      </Unit79>      <Unit80>        <Filename Value="../../runtime/IBDialogs.pas"/>        <ComponentName Value="IBXLoginDlg"/>        <HasResources Value="True"/>        <ResourceBaseClass Value="Form"/>        <EditorIndex Value="-1"/>        <WindowIndex Value="1"/>        <TopLine Value="37"/>        <CursorPos X="3" Y="109"/>        <UsageCount Value="6"/>      </Unit80>      <Unit81>        <Filename Value="../../design/IBDBReg.pas"/>        <EditorIndex Value="-1"/>        <WindowIndex Value="1"/>        <TopLine Value="357"/>        <CursorPos X="61" Y="364"/>        <UsageCount Value="6"/>      </Unit81>      <Unit82>        <Filename Value="../../../../lcl/dbctrls.pp"/>        <EditorIndex Value="-1"/>        <WindowIndex Value="1"/>        <TopLine Value="789"/>        <CursorPos X="15" Y="800"/>        <UsageCount Value="5"/>      </Unit82>      <Unit83>        <Filename Value="../../../../lcl/include/customdbcombobox.inc"/>        <TopLine Value="67"/>        <CursorPos Y="74"/>        <UsageCount Value="5"/>      </Unit83>      <Unit84>        <Filename Value="../../../../lcl/include/customcombobox.inc"/>        <TopLine Value="227"/>        <CursorPos Y="237"/>        <UsageCount Value="5"/>      </Unit84>      <Unit85>        <Filename Value="../../../../lcl/include/dblookupcombobox.inc"/>        <EditorIndex Value="-1"/>        <WindowIndex Value="1"/>        <TopLine Value="27"/>        <CursorPos X="3" Y="31"/>        <UsageCount Value="5"/>      </Unit85>      <Unit86>        <Filename Value="../../../../lcl/include/dblookup.inc"/>        <EditorIndex Value="-1"/>        <WindowIndex Value="1"/>        <TopLine Value="281"/>        <CursorPos X="3" Y="289"/>        <UsageCount Value="5"/>      </Unit86>      <Unit87>        <Filename Value="/usr/share/fpcsrc/2.6.4/packages/fcl-db/src/base/db.pas"/>        <EditorIndex Value="-1"/>        <WindowIndex Value="1"/>        <TopLine Value="1695"/>        <CursorPos X="3" Y="1673"/>        <UsageCount Value="5"/>      </Unit87>      <Unit88>        <Filename Value="../../../mwaframework/source/BaseFrameUnit.pas"/>        <ComponentName Value="BaseFrame"/>        <HasResources Value="True"/>        <ResourceBaseClass Value="Frame"/>        <EditorIndex Value="-1"/>        <WindowIndex Value="1"/>        <TopLine Value="41"/>        <CursorPos X="42" Y="60"/>        <UsageCount Value="5"/>      </Unit88>      <Unit89>        <Filename Value="../../../mwaframework/source/BaseFormUnit.pas"/>        <EditorIndex Value="-1"/>        <WindowIndex Value="1"/>        <CursorPos X="64" Y="9"/>        <UsageCount Value="5"/>      </Unit89>      <Unit90>        <Filename Value="../../../mwaframework/source/CustomDBUnit.pas"/>        <EditorIndex Value="-1"/>        <WindowIndex Value="1"/>        <TopLine Value="72"/>        <CursorPos X="61" Y="91"/>        <UsageCount Value="5"/>      </Unit90>      <Unit91>        <Filename Value="../../../mwaframework/source/TopFormUnit.pas"/>        <EditorIndex Value="-1"/>        <WindowIndex Value="1"/>        <CursorPos X="65" Y="13"/>        <UsageCount Value="5"/>      </Unit91>      <Unit92>        <Filename Value="../../../mwaframework/source/dlg/DBFormUnit.pas"/>        <EditorIndex Value="-1"/>        <WindowIndex Value="1"/>        <CursorPos X="27" Y="7"/>        <UsageCount Value="5"/>      </Unit92>      <Unit93>        <Filename Value="../../../mwaframework/source/listframeunit.pas"/>        <ComponentName Value="ListFrame"/>        <HasResources Value="True"/>        <ResourceBaseClass Value="Frame"/>        <EditorIndex Value="-1"/>        <WindowIndex Value="1"/>        <CursorPos X="49" Y="10"/>        <UsageCount Value="5"/>      </Unit93>      <Unit94>        <Filename Value="../../runtime/dblogindlg.pas"/>        <EditorIndex Value="-1"/>        <WindowIndex Value="1"/>        <TopLine Value="40"/>        <CursorPos X="13" Y="67"/>        <UsageCount Value="5"/>      </Unit94>      <Unit95>        <Filename Value="../../ibexpress.pas"/>        <EditorIndex Value="-1"/>        <WindowIndex Value="1"/>        <CursorPos X="96" Y="6"/>        <UsageCount Value="5"/>      </Unit95>      <Unit96>        <Filename Value="../../changelog"/>        <EditorIndex Value="-1"/>        <TopLine Value="34"/>        <CursorPos X="52" Y="50"/>        <UsageCount Value="6"/>        <DefaultSyntaxHighlighter Value="None"/>      </Unit96>      <Unit97>        <Filename Value="../../iblocaldb/IBLocalDBSupport.pas"/>        <EditorIndex Value="-1"/>        <WindowIndex Value="1"/>        <TopLine Value="237"/>        <CursorPos X="18" Y="263"/>        <UsageCount Value="5"/>      </Unit97>      <Unit98>        <Filename Value="../../../../fpc/2.6.4/source/rtl/objpas/sysutils/osutilsh.inc"/>        <EditorIndex Value="-1"/>        <WindowIndex Value="1"/>        <TopLine Value="22"/>        <CursorPos X="20" Y="39"/>        <UsageCount Value="5"/>      </Unit98>      <Unit99>        <Filename Value="../../../../fpc/2.6.4/source/rtl/win/sysutils.pp"/>        <EditorIndex Value="-1"/>        <WindowIndex Value="1"/>        <TopLine Value="1089"/>        <CursorPos X="25" Y="1092"/>        <UsageCount Value="5"/>      </Unit99>      <Unit100>        <Filename Value="../../../../fpc/2.6.4/source/rtl/win/windirs.pp"/>        <EditorIndex Value="-1"/>        <WindowIndex Value="1"/>        <TopLine Value="34"/>        <CursorPos X="22" Y="38"/>        <UsageCount Value="5"/>      </Unit100>      <Unit101>        <Filename Value="../../design/IBDSDialogs.pas"/>        <ComponentName Value="IBXDSLoginDlg"/>        <HasResources Value="True"/>        <ResourceBaseClass Value="Form"/>        <EditorIndex Value="-1"/>        <WindowIndex Value="1"/>        <TopLine Value="76"/>        <CursorPos X="38" Y="104"/>        <UsageCount Value="6"/>      </Unit101>      <Unit102>        <Filename Value="../../../../components/ideintf/lazideintf.pas"/>        <UnitName Value="LazIDEIntf"/>        <EditorIndex Value="-1"/>        <WindowIndex Value="1"/>        <TopLine Value="334"/>        <CursorPos X="34" Y="346"/>        <UsageCount Value="5"/>      </Unit102>      <Unit103>        <Filename Value="../../../../components/ideintf/projectintf.pas"/>        <UnitName Value="ProjectIntf"/>        <EditorIndex Value="-1"/>        <WindowIndex Value="1"/>        <TopLine Value="49"/>        <CursorPos X="34" Y="51"/>        <UsageCount Value="5"/>      </Unit103>      <Unit104>        <Filename Value="../../../../components/ideintf/projpackintf.pas"/>        <UnitName Value="ProjPackIntf"/>        <EditorIndex Value="-1"/>        <WindowIndex Value="1"/>        <TopLine Value="19"/>        <CursorPos X="3" Y="33"/>        <UsageCount Value="5"/>      </Unit104>      <Unit105>        <Filename Value="../../runtime/IBCodePage.pas"/>        <EditorIndex Value="-1"/>        <WindowIndex Value="1"/>        <TopLine Value="80"/>        <CursorPos Y="108"/>        <UsageCount Value="9"/>      </Unit105>      <Unit106>        <Filename Value="/usr/share/fpcsrc/rtl/unix/sysutils.pp"/>        <EditorIndex Value="-1"/>        <WindowIndex Value="1"/>        <TopLine Value="273"/>        <CursorPos X="38" Y="285"/>        <UsageCount Value="5"/>      </Unit106>      <Unit107>        <Filename Value="/usr/share/fpcsrc/rtl/objpas/sysutils/syscodepages.inc"/>        <EditorIndex Value="-1"/>        <WindowIndex Value="1"/>        <TopLine Value="427"/>        <CursorPos X="16" Y="453"/>        <UsageCount Value="9"/>      </Unit107>      <Unit108>        <Filename Value="/usr/share/fpcsrc/rtl/inc/charset.pp"/>        <EditorIndex Value="-1"/>        <WindowIndex Value="1"/>        <UsageCount Value="6"/>      </Unit108>      <Unit109>        <Filename Value="/usr/share/fpcsrc/rtl/inc/systemh.inc"/>        <EditorIndex Value="-1"/>        <WindowIndex Value="1"/>        <TopLine Value="86"/>        <CursorPos X="10" Y="101"/>        <UsageCount Value="5"/>      </Unit109>      <Unit110>        <Filename Value="/usr/share/fpcsrc/packages/fcl-db/src/base/fields.inc"/>        <EditorIndex Value="-1"/>        <WindowIndex Value="1"/>        <TopLine Value="2943"/>        <CursorPos X="15" Y="2964"/>        <UsageCount Value="5"/>      </Unit110>      <Unit111>        <Filename Value="/usr/share/fpcsrc/rtl/objpas/classes/classesh.inc"/>        <EditorIndex Value="-1"/>        <WindowIndex Value="1"/>        <TopLine Value="749"/>        <CursorPos X="14" Y="776"/>        <UsageCount Value="6"/>      </Unit111>      <Unit112>        <Filename Value="/usr/share/fpcsrc/rtl/objpas/classes/stringl.inc"/>        <EditorIndex Value="-1"/>        <WindowIndex Value="1"/>        <TopLine Value="423"/>        <CursorPos X="3" Y="428"/>        <UsageCount Value="6"/>      </Unit112>      <Unit113>        <Filename Value="/usr/share/fpcsrc/packages/rtl-unicode/src/inc/cp895.pas"/>        <EditorIndex Value="-1"/>        <WindowIndex Value="1"/>        <UsageCount Value="6"/>      </Unit113>      <Unit114>        <Filename Value="../../../../../svn/thirdparty/ibx1.5/runtime/IBCustomDataSet.pas"/>        <EditorIndex Value="-1"/>        <WindowIndex Value="1"/>        <TopLine Value="3636"/>        <CursorPos Y="3657"/>        <UsageCount Value="6"/>      </Unit114>      <Unit115>        <Filename Value="../../../fbintf/IB.pas"/>        <EditorIndex Value="-1"/>        <TopLine Value="389"/>        <CursorPos X="101" Y="398"/>        <UsageCount Value="25"/>      </Unit115>      <Unit116>        <Filename Value="../../../fbintf/client/FBClientAPI.pas"/>        <EditorIndex Value="-1"/>        <TopLine Value="114"/>        <CursorPos X="15" Y="119"/>        <UsageCount Value="15"/>      </Unit116>      <Unit117>        <Filename Value="../../../fbintf/client/include/uloadlibrary.inc"/>        <EditorIndex Value="-1"/>        <TopLine Value="26"/>        <CursorPos Y="29"/>        <UsageCount Value="13"/>      </Unit117>      <Unit118>        <Filename Value="../../../fbintf/client/include/wloadlibrary.inc"/>        <EditorIndex Value="-1"/>        <TopLine Value="22"/>        <CursorPos X="74" Y="42"/>        <UsageCount Value="13"/>      </Unit118>      <Unit119>        <Filename Value="../../../../fpc/3.0.0/source/packages/fcl-base/src/custapp.pp"/>        <UnitName Value="CustApp"/>        <EditorIndex Value="-1"/>        <WindowIndex Value="1"/>        <TopLine Value="260"/>        <CursorPos X="52" Y="263"/>        <UsageCount Value="6"/>      </Unit119>      <Unit120>        <Filename Value="../../../../fpc/3.0.0/source/rtl/objpas/sysutils/sysutilh.inc"/>        <EditorIndex Value="-1"/>        <WindowIndex Value="1"/>        <TopLine Value="215"/>        <CursorPos X="14" Y="227"/>        <UsageCount Value="6"/>      </Unit120>      <Unit121>        <Filename Value="../../../../fpc/3.0.0/source/rtl/objpas/sysutils/sysutils.inc"/>        <EditorIndex Value="-1"/>        <WindowIndex Value="1"/>        <TopLine Value="559"/>        <CursorPos X="3" Y="567"/>        <UsageCount Value="6"/>      </Unit121>      <Unit122>        <Filename Value="../../../cvs.old.versions/ibx/changelog"/>        <EditorIndex Value="-1"/>        <WindowIndex Value="1"/>        <CursorPos X="2" Y="9"/>        <UsageCount Value="6"/>        <DefaultSyntaxHighlighter Value="None"/>      </Unit122>      <Unit123>        <Filename Value="../../../fbintf/client/FBSQLData.pas"/>        <EditorIndex Value="-1"/>        <TopLine Value="767"/>        <CursorPos X="3" Y="774"/>        <UsageCount Value="26"/>      </Unit123>      <Unit124>        <Filename Value="../../../fbintf/client/2.5/FB25Statement.pas"/>        <EditorIndex Value="-1"/>        <TopLine Value="750"/>        <CursorPos X="21" Y="753"/>        <ExtraEditorCount Value="1"/>        <ExtraEditor1>          <EditorIndex Value="-1"/>          <TopLine Value="1074"/>          <CursorPos Y="1094"/>        </ExtraEditor1>        <UsageCount Value="26"/>      </Unit124>      <Unit125>        <Filename Value="../../../fbintf/client/3.0/FB30Statement.pas"/>        <EditorIndex Value="-1"/>        <WindowIndex Value="-1"/>        <TopLine Value="869"/>        <CursorPos X="3" Y="871"/>        <ExtraEditorCount Value="1"/>        <ExtraEditor1>          <EditorIndex Value="-1"/>          <TopLine Value="792"/>          <CursorPos X="6" Y="810"/>        </ExtraEditor1>        <UsageCount Value="15"/>      </Unit125>      <Unit126>        <Filename Value="../../../fbintf/client/FBMessages.pas"/>        <EditorIndex Value="-1"/>        <TopLine Value="70"/>        <CursorPos X="48" Y="76"/>        <UsageCount Value="10"/>      </Unit126>      <Unit127>        <Filename Value="/usr/share/fpcsrc/rtl/unix/bunxovlh.inc"/>        <EditorIndex Value="-1"/>        <WindowIndex Value="1"/>        <TopLine Value="54"/>        <CursorPos X="18" Y="68"/>        <UsageCount Value="6"/>      </Unit127>      <Unit128>        <Filename Value="../../../fbintf/IBUtils.pas"/>        <EditorIndex Value="-1"/>        <UsageCount Value="6"/>      </Unit128>      <Unit129>        <Filename Value="../../../fbintf/IBExternals.pas"/>        <EditorIndex Value="-1"/>        <TopLine Value="40"/>        <UsageCount Value="6"/>      </Unit129>      <Unit130>        <Filename Value="/usr/share/fpcsrc/rtl/inc/dynlibs.pas"/>        <EditorIndex Value="-1"/>        <TopLine Value="31"/>        <CursorPos X="23" Y="52"/>        <UsageCount Value="8"/>      </Unit130>      <Unit131>        <Filename Value="../../../fbintf/client/2.5/FB25ClientAPI.pas"/>        <EditorIndex Value="-1"/>        <TopLine Value="183"/>        <CursorPos Y="200"/>        <UsageCount Value="9"/>      </Unit131>      <Unit132>        <Filename Value="../../../fbintf/client/3.0/FB30ClientAPI.pas"/>        <EditorIndex Value="-1"/>        <TopLine Value="77"/>        <CursorPos X="50" Y="106"/>        <UsageCount Value="10"/>      </Unit132>      <Unit133>        <Filename Value="../../../fbintf/IBErrorCodes.pas"/>        <EditorIndex Value="-1"/>        <TopLine Value="349"/>        <CursorPos X="17" Y="371"/>        <UsageCount Value="7"/>      </Unit133>      <Unit134>        <Filename Value="../../../cvs.old.versions/ibx/runtime/IBCustomDataSet.pas"/>        <EditorIndex Value="-1"/>        <TopLine Value="1843"/>        <CursorPos Y="1864"/>        <UsageCount Value="8"/>      </Unit134>      <Unit135>        <Filename Value="../../../fbintf/client/FBActivityMonitor.pas"/>        <EditorIndex Value="-1"/>        <TopLine Value="300"/>        <CursorPos X="6" Y="319"/>        <UsageCount Value="11"/>      </Unit135>      <Unit136>        <Filename Value="../../../fbintf/client/FBStatement.pas"/>        <EditorIndex Value="-1"/>        <TopLine Value="64"/>        <CursorPos X="17" Y="78"/>        <UsageCount Value="16"/>      </Unit136>      <Unit137>        <Filename Value="../../../fbintf/client/FBOutputBlock.pas"/>        <EditorIndex Value="-1"/>        <TopLine Value="120"/>        <CursorPos Y="135"/>        <UsageCount Value="9"/>      </Unit137>      <Unit138>        <Filename Value="../../../cvs.old.versions/ibx/runtime/IBSQL.pas"/>        <EditorIndex Value="-1"/>        <TopLine Value="786"/>        <CursorPos X="3" Y="788"/>        <UsageCount Value="10"/>      </Unit138>      <Unit139>        <Filename Value="/usr/share/fpcsrc/rtl/objpas/sysutils/datih.inc"/>        <EditorIndex Value="-1"/>        <TopLine Value="99"/>        <CursorPos X="10" Y="114"/>        <UsageCount Value="14"/>      </Unit139>      <Unit140>        <Filename Value="/usr/share/fpcsrc/rtl/objpas/sysutils/dati.inc"/>        <EditorIndex Value="-1"/>        <TopLine Value="86"/>        <CursorPos X="3" Y="88"/>        <UsageCount Value="14"/>      </Unit140>      <Unit141>        <Filename Value="../../runtime/IBTable.pas"/>        <EditorIndex Value="-1"/>        <TopLine Value="16"/>        <CursorPos Y="34"/>        <UsageCount Value="12"/>      </Unit141>      <Unit142>        <Filename Value="../../../fbintf/client/FBTransaction.pas"/>        <EditorIndex Value="-1"/>        <TopLine Value="72"/>        <CursorPos X="15" Y="93"/>        <UsageCount Value="11"/>      </Unit142>      <Unit143>        <Filename Value="../../../fbintf/client/FBAttachment.pas"/>        <EditorIndex Value="-1"/>        <TopLine Value="94"/>        <CursorPos X="44" Y="96"/>        <UsageCount Value="11"/>      </Unit143>      <Unit144>        <Filename Value="../../../fbintf/client/2.5/FB25Attachment.pas"/>        <EditorIndex Value="-1"/>        <TopLine Value="42"/>        <CursorPos X="15" Y="57"/>        <UsageCount Value="11"/>      </Unit144>      <Unit145>        <Filename Value="../../runtime/IBUpdateSQL.pas"/>        <EditorIndex Value="-1"/>        <TopLine Value="52"/>        <CursorPos X="23" Y="70"/>        <UsageCount Value="12"/>      </Unit145>      <Unit146>        <Filename Value="../../ibcontrols/DBControlGrid.pas"/>        <EditorIndex Value="-1"/>        <TopLine Value="88"/>        <CursorPos X="15" Y="102"/>        <UsageCount Value="9"/>      </Unit146>      <Unit147>        <Filename Value="../../../fbintf/client/FBServices.pas"/>        <EditorIndex Value="-1"/>        <TopLine Value="81"/>        <CursorPos X="20" Y="89"/>        <UsageCount Value="9"/>      </Unit147>      <Unit148>        <Filename Value="/usr/share/fpcsrc/packages/fcl-db/src/base/database.inc"/>        <EditorIndex Value="-1"/>        <TopLine Value="609"/>        <CursorPos X="3" Y="632"/>        <UsageCount Value="18"/>      </Unit148>      <Unit149>        <Filename Value="../../../../../../projects/RequirementsManager/src/MainFormUnit.pas"/>        <HasResources Value="True"/>        <EditorIndex Value="-1"/>        <UsageCount Value="10"/>      </Unit149>      <Unit150>        <Filename Value="../../runtime/IBEvents.pas"/>        <EditorIndex Value="-1"/>        <TopLine Value="71"/>        <CursorPos Y="97"/>        <UsageCount Value="16"/>      </Unit150>    </Units>    <JumpHistory Count="3" HistoryIndex="2">      <Position1>        <Filename Value="unit1.pas"/>        <Caret Line="394" Column="116" TopLine="370"/>      </Position1>      <Position2>        <Filename Value="unit1.pas"/>      </Position2>      <Position3>        <Filename Value="unit1.pas"/>        <Caret Line="9" Column="76"/>      </Position3>    </JumpHistory>  </ProjectOptions>  <CompilerOptions>    <Version Value="11"/>    <Target>      <Filename Value="project1"/>    </Target>    <SearchPaths>      <IncludeFiles Value="$(ProjOutDir)"/>      <UnitOutputDirectory Value="lib/$(TargetCPU)-$(TargetOS)"/>    </SearchPaths>    <Linking>      <Options>        <Win32>          <GraphicApplication Value="True"/>        </Win32>      </Options>    </Linking>    <Other>      <CustomOptions Value="-dUseCThreads"/>    </Other>  </CompilerOptions>  <Debugging>    <Exceptions Count="3">      <Item1>        <Name Value="EAbort"/>      </Item1>      <Item2>        <Name Value="ECodetoolError"/>      </Item2>      <Item3>        <Name Value="EFOpenError"/>      </Item3>    </Exceptions>  </Debugging></CONFIG>