<?xml version="1.0"?>
<CONFIG>
  <ProjectOptions>
    <PathDelim Value="\"/>
    <Version Value="6"/>
    <General>
      <MainUnit Value="0"/>
      <IconPath Value="./"/>
      <TargetFileExt Value=".exe"/>
      <Title Value="PlotPanelDemo"/>
      <ActiveEditorIndexAtStart Value="1"/>
    </General>
    <VersionInfo>
      <ProjectVersion Value=""/>
    </VersionInfo>
    <PublishOptions>
      <Version Value="2"/>
      <IgnoreBinaries Value="False"/>
      <IncludeFileFilter Value="*.(pas|pp|inc|lfm|lpr|lrs|lpi|lpk|sh|xml)"/>
      <ExcludeFileFilter Value="*.(bak|ppu|ppw|o|so);*~;backup"/>
    </PublishOptions>
    <RunParams>
      <local>
        <FormatVersion Value="1"/>
        <LaunchingApplication PathPlusParams="/usr/X11R6/bin/xterm -T 'Lazarus Run Output' -e $(LazarusDir)/tools/runwait.sh $(TargetCmdLine)"/>
      </local>
    </RunParams>
    <RequiredPackages Count="2">
      <Item1>
        <PackageName Value="plot"/>
        <MinVersion Valid="True"/>
      </Item1>
      <Item2>
        <PackageName Value="LCL"/>
      </Item2>
    </RequiredPackages>
    <Units Count="4">
      <Unit0>
        <Filename Value="plotpaneldemo.lpr"/>
        <IsPartOfProject Value="True"/>
        <CursorPos X="37" Y="8"/>
        <TopLine Value="1"/>
        <EditorIndex Value="0"/>
        <UsageCount Value="20"/>
        <Loaded Value="True"/>
      </Unit0>
      <Unit1>
        <Filename Value="C:\PROGRAMS\lazarus-21\lcl\interfaces\win32\interfaces.pp"/>
        <UnitName Value="Interfaces"/>
        <CursorPos X="35" Y="9"/>
        <TopLine Value="1"/>
        <UsageCount Value="10"/>
      </Unit1>
      <Unit2>
        <Filename Value="plotpaneldemounit.pas"/>
        <ComponentName Value="Form1"/>
        <HasResources Value="True"/>
        <IsPartOfProject Value="True"/>
        <ResourceBaseClass Value="Form"/>
        <ResourceFilename Value="plotpaneldemounit.lrs"/>
        <UnitName Value="PlotPanelDemoUnit"/>
        <CursorPos X="1" Y="31"/>
        <TopLine Value="104"/>
        <EditorIndex Value="1"/>
        <UsageCount Value="20"/>
        <Loaded Value="True"/>
      </Unit2>
      <Unit3>
        <Filename Value="..\plotpanel.pas"/>
        <UnitName Value="Plotpanel"/>
        <CursorPos X="47" Y="35"/>
        <TopLine Value="956"/>
        <EditorIndex Value="2"/>
        <UsageCount Value="10"/>
        <Loaded Value="True"/>
      </Unit3>
    </Units>
    <JumpHistory Count="26" HistoryIndex="25">
      <Position1>
        <Filename Value="plotpaneldemounit.pas"/>
        <Caret Line="1" Column="1" TopLine="1"/>
      </Position1>
      <Position2>
        <Filename Value="plotpaneldemounit.pas"/>
        <Caret Line="118" Column="13" TopLine="112"/>
      </Position2>
      <Position3>
        <Filename Value="plotpaneldemounit.pas"/>
        <Caret Line="103" Column="48" TopLine="82"/>
      </Position3>
      <Position4>
        <Filename Value="plotpaneldemounit.pas"/>
        <Caret Line="118" Column="1" TopLine="1"/>
      </Position4>
      <Position5>
        <Filename Value="plotpaneldemounit.pas"/>
        <Caret Line="656" Column="7" TopLine="611"/>
      </Position5>
      <Position6>
        <Filename Value="plotpaneldemounit.pas"/>
        <Caret Line="147" Column="4" TopLine="114"/>
      </Position6>
      <Position7>
        <Filename Value="plotpaneldemounit.pas"/>
        <Caret Line="143" Column="12" TopLine="119"/>
      </Position7>
      <Position8>
        <Filename Value="plotpaneldemounit.pas"/>
        <Caret Line="50" Column="2" TopLine="29"/>
      </Position8>
      <Position9>
        <Filename Value="..\plotpanel.pas"/>
        <Caret Line="1" Column="1" TopLine="1"/>
      </Position9>
      <Position10>
        <Filename Value="plotpaneldemounit.pas"/>
        <Caret Line="85" Column="52" TopLine="61"/>
      </Position10>
      <Position11>
        <Filename Value="plotpaneldemounit.pas"/>
        <Caret Line="112" Column="48" TopLine="88"/>
      </Position11>
      <Position12>
        <Filename Value="plotpaneldemounit.pas"/>
        <Caret Line="73" Column="70" TopLine="61"/>
      </Position12>
      <Position13>
        <Filename Value="plotpaneldemounit.pas"/>
        <Caret Line="92" Column="27" TopLine="68"/>
      </Position13>
      <Position14>
        <Filename Value="plotpaneldemounit.pas"/>
        <Caret Line="5" Column="24" TopLine="1"/>
      </Position14>
      <Position15>
        <Filename Value="plotpaneldemounit.pas"/>
        <Caret Line="137" Column="13" TopLine="113"/>
      </Position15>
      <Position16>
        <Filename Value="PlotPanelDemoUnit.pas"/>
        <Caret Line="91" Column="1" TopLine="86"/>
      </Position16>
      <Position17>
        <Filename Value="PlotPanelDemoUnit.pas"/>
        <Caret Line="155" Column="1" TopLine="119"/>
      </Position17>
      <Position18>
        <Filename Value="PlotPanelDemoUnit.pas"/>
        <Caret Line="8" Column="6" TopLine="1"/>
      </Position18>
      <Position19>
        <Filename Value="PlotPanelDemoUnit.pas"/>
        <Caret Line="16" Column="54" TopLine="1"/>
      </Position19>
      <Position20>
        <Filename Value="PlotPanelDemoUnit.pas"/>
        <Caret Line="94" Column="24" TopLine="67"/>
      </Position20>
      <Position21>
        <Filename Value="PlotPanelDemoUnit.pas"/>
        <Caret Line="85" Column="29" TopLine="57"/>
      </Position21>
      <Position22>
        <Filename Value="PlotPanelDemoUnit.pas"/>
        <Caret Line="698" Column="89" TopLine="50"/>
      </Position22>
      <Position23>
        <Filename Value="PlotPanelDemoUnit.pas"/>
        <Caret Line="45" Column="59" TopLine="15"/>
      </Position23>
      <Position24>
        <Filename Value="PlotPanelDemoUnit.pas"/>
        <Caret Line="33" Column="20" TopLine="15"/>
      </Position24>
      <Position25>
        <Filename Value="PlotPanelDemoUnit.pas"/>
        <Caret Line="25" Column="22" TopLine="15"/>
      </Position25>
      <Position26>
        <Filename Value="PlotPanelDemoUnit.pas"/>
        <Caret Line="155" Column="3" TopLine="125"/>
      </Position26>
    </JumpHistory>
  </ProjectOptions>
  <CompilerOptions>
    <Version Value="8"/>
    <PathDelim Value="\"/>
    <SearchPaths>
      <SrcPath Value="$(LazarusDir)\lcl\;$(LazarusDir)\lcl\interfaces\$(LCLWidgetType)\"/>
    </SearchPaths>
    <Linking>
      <Options>
        <Win32>
          <GraphicApplication Value="True"/>
        </Win32>
      </Options>
    </Linking>
    <Other>
      <CompilerPath Value="$(CompPath)"/>
    </Other>
  </CompilerOptions>
  <Debugging>
    <Exceptions Count="2">
      <Item1>
        <Name Value="ECodetoolError"/>
      </Item1>
      <Item2>
        <Name Value="EFOpenError"/>
      </Item2>
    </Exceptions>
  </Debugging>
</CONFIG>
