<?xml version="1.0" encoding="UTF-8"?>
<CONFIG>
  <ProjectOptions>
    <Version Value="10"/>
    <General>
      <Flags>
        <MainUnitHasUsesSectionForAllUnits Value="False"/>
        <MainUnitHasCreateFormStatements Value="False"/>
        <MainUnitHasTitleStatement Value="False"/>
        <Runnable Value="False"/>
        <LRSInOutputDirectory Value="False"/>
      </Flags>
      <MainUnit Value="0"/>
      <UseAppBundle Value="False"/>
    </General>
    <VersionInfo>
      <UseVersionInfo Value="True"/>
      <StringTable ProductVersion=""/>
    </VersionInfo>
    <BuildModes Count="1">
      <Item1 Name="default" Default="True"/>
    </BuildModes>
    <PublishOptions>
      <Version Value="2"/>
      <IgnoreBinaries Value="False"/>
      <IncludeFileFilter Value="*.(pas|pp|inc|lfm|lpr|lrs|lpi|lpk|sh|xml)"/>
      <ExcludeFileFilter Value="*.(bak|ppu|ppw|o|so);*~;backup"/>
    </PublishOptions>
    <RunParams>
      <local>
        <FormatVersion Value="1"/>
        <LaunchingApplication PathPlusParams="/usr/X11R6/bin/xterm -T 'Lazarus Run Output' -e $(LazarusDir)/tools/runwait.sh $(TargetCmdLine)"/>
      </local>
    </RunParams>
    <RequiredPackages Count="1">
      <Item1>
        <PackageName Value="LCL"/>
      </Item1>
    </RequiredPackages>
    <Units Count="11">
      <Unit0>
        <Filename Value="chsdet.lpr"/>
        <IsPartOfProject Value="True"/>
        <TopLine Value="7"/>
        <CursorPos X="3" Y="31"/>
        <UsageCount Value="20"/>
        <Loaded Value="True"/>
        <LoadedDesigner Value="True"/>
        <DefaultSyntaxHighlighter Value="Delphi"/>
      </Unit0>
      <Unit1>
        <Filename Value=""/>
        <UsageCount Value="10"/>
        <DefaultSyntaxHighlighter Value="None"/>
      </Unit1>
      <Unit2>
        <Filename Value="nsSBCharSetProber.pas"/>
        <EditorIndex Value="3"/>
        <TopLine Value="12"/>
        <CursorPos Y="24"/>
        <UsageCount Value="10"/>
        <Loaded Value="True"/>
        <DefaultSyntaxHighlighter Value="Delphi"/>
      </Unit2>
      <Unit3>
        <Filename Value="sbseq/LangHebrewModel.pas"/>
        <IsPartOfProject Value="True"/>
        <UsageCount Value="20"/>
        <DefaultSyntaxHighlighter Value="Delphi"/>
      </Unit3>
      <Unit4>
        <Filename Value="sbseq/LangBulgarianModel.pas"/>
        <IsPartOfProject Value="True"/>
        <UsageCount Value="20"/>
        <DefaultSyntaxHighlighter Value="Delphi"/>
      </Unit4>
      <Unit5>
        <Filename Value="sbseq/LangCyrillicModel.pas"/>
        <IsPartOfProject Value="True"/>
        <UsageCount Value="20"/>
        <DefaultSyntaxHighlighter Value="Delphi"/>
      </Unit5>
      <Unit6>
        <Filename Value="sbseq/LangGreekModel.pas"/>
        <IsPartOfProject Value="True"/>
        <UsageCount Value="20"/>
        <DefaultSyntaxHighlighter Value="Delphi"/>
      </Unit6>
      <Unit7>
        <Filename Value="chsdIntf.pas"/>
        <EditorIndex Value="2"/>
        <TopLine Value="9"/>
        <CursorPos X="13" Y="31"/>
        <UsageCount Value="10"/>
        <Loaded Value="True"/>
        <DefaultSyntaxHighlighter Value="Delphi"/>
      </Unit7>
      <Unit8>
        <Filename Value="nsCore.pas"/>
        <TopLine Value="17"/>
        <UsageCount Value="10"/>
        <DefaultSyntaxHighlighter Value="Delphi"/>
      </Unit8>
      <Unit9>
        <Filename Value="dbg.inc"/>
        <UsageCount Value="10"/>
        <DefaultSyntaxHighlighter Value="Delphi"/>
      </Unit9>
      <Unit10>
        <Filename Value="../../CmdLine/ucmdbox.pas"/>
        <UnitName Value="uCmdBox"/>
        <IsVisibleTab Value="True"/>
        <EditorIndex Value="1"/>
        <TopLine Value="43"/>
        <CursorPos X="63" Y="67"/>
        <UsageCount Value="10"/>
        <Loaded Value="True"/>
      </Unit10>
    </Units>
    <JumpHistory Count="8" HistoryIndex="7">
      <Position1>
        <Filename Value="nsSBCharSetProber.pas"/>
        <Caret Line="46" Column="19" TopLine="24"/>
      </Position1>
      <Position2>
        <Filename Value="nsSBCharSetProber.pas"/>
        <Caret Line="28" Column="10" TopLine="12"/>
      </Position2>
      <Position3>
        <Filename Value="nsSBCharSetProber.pas"/>
        <Caret Line="24" TopLine="24"/>
      </Position3>
      <Position4>
        <Filename Value="nsSBCharSetProber.pas"/>
        <Caret Line="46" Column="19" TopLine="24"/>
      </Position4>
      <Position5>
        <Filename Value="chsdet.lpr"/>
        <Caret Line="35" Column="17"/>
      </Position5>
      <Position6>
        <Filename Value="chsdet.lpr"/>
        <Caret Line="32" Column="12"/>
      </Position6>
      <Position7>
        <Filename Value="chsdet.lpr"/>
        <Caret Line="31" Column="3" TopLine="7"/>
      </Position7>
      <Position8>
        <Filename Value="../../CmdLine/ucmdbox.pas"/>
        <Caret Line="926" Column="12" TopLine="907"/>
      </Position8>
    </JumpHistory>
  </ProjectOptions>
  <CompilerOptions>
    <Version Value="11"/>
    <SearchPaths>
      <UnitOutputDirectory Value="/home/yan/chsdet/dcu"/>
    </SearchPaths>
    <Parsing>
      <SyntaxOptions>
        <SyntaxMode Value="Delphi"/>
        <UseAnsiStrings Value="False"/>
      </SyntaxOptions>
    </Parsing>
    <CodeGeneration>
      <SmartLinkUnit Value="True"/>
    </CodeGeneration>
    <Linking>
      <LinkSmart Value="True"/>
      <Options>
        <ExecutableType Value="Library"/>
      </Options>
    </Linking>
  </CompilerOptions>
  <Debugging>
    <Exceptions Count="2">
      <Item1>
        <Name Value="ECodetoolError"/>
      </Item1>
      <Item2>
        <Name Value="EFOpenError"/>
      </Item2>
    </Exceptions>
  </Debugging>
</CONFIG>
