<?xml version="1.0"?>
<CONFIG>
  <ProjectOptions>
    <Version Value="9"/>
    <PathDelim Value="\"/>
    <General>
      <Flags>
        <LRSInOutputDirectory Value="False"/>
      </Flags>
      <MainUnit Value="0"/>
      <ActiveWindowIndexAtStart Value="0"/>
    </General>
    <VersionInfo>
      <Language Value=""/>
      <CharSet Value=""/>
      <StringTable ProductVersion=""/>
    </VersionInfo>
    <BuildModes Count="1">
      <Item1 Name="default" Default="True"/>
    </BuildModes>
    <PublishOptions>
      <Version Value="2"/>
      <IgnoreBinaries Value="False"/>
      <IncludeFileFilter Value="*.(pas|pp|inc|lfm|lpr|lrs|lpi|lpk|sh|xml)"/>
      <ExcludeFileFilter Value="*.(bak|ppu|ppw|o|so);*~;backup"/>
    </PublishOptions>
    <RunParams>
      <local>
        <FormatVersion Value="1"/>
        <LaunchingApplication PathPlusParams="/usr/X11R6/bin/xterm -T 'Lazarus Run Output' -e $(LazarusDir)/tools/runwait.sh $(TargetCmdLine)"/>
      </local>
    </RunParams>
    <RequiredPackages Count="2">
      <Item1>
        <PackageName Value="cmdbox"/>
        <MinVersion Valid="True"/>
      </Item1>
      <Item2>
        <PackageName Value="LCL"/>
      </Item2>
    </RequiredPackages>
    <Units Count="9">
      <Unit0>
        <Filename Value="CmdLineExample.lpr"/>
        <IsPartOfProject Value="True"/>
        <UnitName Value="CmdLineExample"/>
        <IsVisibleTab Value="True"/>
        <EditorIndex Value="1"/>
        <WindowIndex Value="0"/>
        <TopLine Value="1"/>
        <CursorPos X="15" Y="4"/>
        <UsageCount Value="155"/>
        <Loaded Value="True"/>
        <LoadedDesigner Value="True"/>
      </Unit0>
      <Unit1>
        <Filename Value="wnmainform.pas"/>
        <IsPartOfProject Value="True"/>
        <ComponentName Value="WMainForm"/>
        <ResourceBaseClass Value="Form"/>
        <UnitName Value="wnmainform"/>
        <EditorIndex Value="0"/>
        <WindowIndex Value="0"/>
        <TopLine Value="1"/>
        <CursorPos X="124" Y="194"/>
        <UsageCount Value="155"/>
        <Loaded Value="True"/>
        <LoadedDesigner Value="True"/>
      </Unit1>
      <Unit2>
        <Filename Value="..\ucmdline.pas"/>
        <UnitName Value="ucmdline"/>
        <TopLine Value="146"/>
        <CursorPos X="48" Y="1083"/>
        <UsageCount Value="4"/>
      </Unit2>
      <Unit3>
        <Filename Value="wnmainform.lfm"/>
        <TopLine Value="1"/>
        <CursorPos X="1" Y="1"/>
        <SyntaxHighlighter Value="LFM"/>
        <UsageCount Value="46"/>
      </Unit3>
      <Unit4>
        <Filename Value="tcmdbox.lrs"/>
        <TopLine Value="1"/>
        <CursorPos X="17" Y="1"/>
        <UsageCount Value="13"/>
      </Unit4>
      <Unit5>
        <Filename Value="ucmdline.pas"/>
        <UnitName Value="ucmdline"/>
        <TopLine Value="1"/>
        <CursorPos X="8" Y="30"/>
        <UsageCount Value="30"/>
      </Unit5>
      <Unit6>
        <Filename Value="..\uflowcharteditor.pas"/>
        <UnitName Value="uflowcharteditor"/>
        <TopLine Value="1015"/>
        <CursorPos X="25" Y="1039"/>
        <UsageCount Value="16"/>
      </Unit6>
      <Unit7>
        <Filename Value="ucmdbox.pas"/>
        <UnitName Value="uCmdBox"/>
        <EditorIndex Value="2"/>
        <WindowIndex Value="0"/>
        <TopLine Value="1"/>
        <CursorPos X="14" Y="36"/>
        <UsageCount Value="51"/>
        <Loaded Value="True"/>
      </Unit7>
      <Unit8>
        <Filename Value="..\..\lcl\include\application.inc"/>
        <TopLine Value="91"/>
        <CursorPos X="7" Y="128"/>
        <UsageCount Value="10"/>
      </Unit8>
    </Units>
    <JumpHistory Count="30" HistoryIndex="29">
      <Position1>
        <Filename Value="ucmdbox.pas"/>
        <Caret Line="1867" Column="51" TopLine="1829"/>
      </Position1>
      <Position2>
        <Filename Value="ucmdbox.pas"/>
        <Caret Line="2079" Column="17" TopLine="2041"/>
      </Position2>
      <Position3>
        <Filename Value="ucmdbox.pas"/>
        <Caret Line="2109" Column="73" TopLine="2041"/>
      </Position3>
      <Position4>
        <Filename Value="ucmdbox.pas"/>
        <Caret Line="2799" Column="38" TopLine="2761"/>
      </Position4>
      <Position5>
        <Filename Value="ucmdbox.pas"/>
        <Caret Line="2809" Column="41" TopLine="2761"/>
      </Position5>
      <Position6>
        <Filename Value="ucmdbox.pas"/>
        <Caret Line="2838" Column="26" TopLine="2791"/>
      </Position6>
      <Position7>
        <Filename Value="ucmdbox.pas"/>
        <Caret Line="2919" Column="34" TopLine="2881"/>
      </Position7>
      <Position8>
        <Filename Value="ucmdbox.pas"/>
        <Caret Line="2930" Column="21" TopLine="2881"/>
      </Position8>
      <Position9>
        <Filename Value="ucmdbox.pas"/>
        <Caret Line="2936" Column="82" TopLine="2881"/>
      </Position9>
      <Position10>
        <Filename Value="ucmdbox.pas"/>
        <Caret Line="2942" Column="82" TopLine="2881"/>
      </Position10>
      <Position11>
        <Filename Value="ucmdbox.pas"/>
        <Caret Line="350" Column="38" TopLine="322"/>
      </Position11>
      <Position12>
        <Filename Value="ucmdbox.pas"/>
        <Caret Line="2332" Column="105" TopLine="2287"/>
      </Position12>
      <Position13>
        <Filename Value="ucmdbox.pas"/>
        <Caret Line="2364" Column="13" TopLine="2295"/>
      </Position13>
      <Position14>
        <Filename Value="ucmdbox.pas"/>
        <Caret Line="157" Column="26" TopLine="135"/>
      </Position14>
      <Position15>
        <Filename Value="ucmdbox.pas"/>
        <Caret Line="175" Column="16" TopLine="135"/>
      </Position15>
      <Position16>
        <Filename Value="ucmdbox.pas"/>
        <Caret Line="2362" Column="13" TopLine="2295"/>
      </Position16>
      <Position17>
        <Filename Value="wnmainform.pas"/>
        <Caret Line="257" Column="18" TopLine="183"/>
      </Position17>
      <Position18>
        <Filename Value="ucmdbox.pas"/>
        <Caret Line="290" Column="56" TopLine="269"/>
      </Position18>
      <Position19>
        <Filename Value="ucmdbox.pas"/>
        <Caret Line="2783" Column="19" TopLine="2744"/>
      </Position19>
      <Position20>
        <Filename Value="ucmdbox.pas"/>
        <Caret Line="2785" Column="19" TopLine="2744"/>
      </Position20>
      <Position21>
        <Filename Value="ucmdbox.pas"/>
        <Caret Line="358" Column="71" TopLine="345"/>
      </Position21>
      <Position22>
        <Filename Value="ucmdbox.pas"/>
        <Caret Line="1816" Column="21" TopLine="1778"/>
      </Position22>
      <Position23>
        <Filename Value="ucmdbox.pas"/>
        <Caret Line="132" Column="90" TopLine="123"/>
      </Position23>
      <Position24>
        <Filename Value="ucmdbox.pas"/>
        <Caret Line="308" Column="29" TopLine="241"/>
      </Position24>
      <Position25>
        <Filename Value="ucmdbox.pas"/>
        <Caret Line="381" Column="28" TopLine="356"/>
      </Position25>
      <Position26>
        <Filename Value="ucmdbox.pas"/>
        <Caret Line="1919" Column="39" TopLine="1871"/>
      </Position26>
      <Position27>
        <Filename Value="ucmdbox.pas"/>
        <Caret Line="286" Column="69" TopLine="270"/>
      </Position27>
      <Position28>
        <Filename Value="ucmdbox.pas"/>
        <Caret Line="309" Column="23" TopLine="270"/>
      </Position28>
      <Position29>
        <Filename Value="ucmdbox.pas"/>
        <Caret Line="2357" Column="34" TopLine="2321"/>
      </Position29>
      <Position30>
        <Filename Value="ucmdbox.pas"/>
        <Caret Line="2209" Column="30" TopLine="2171"/>
      </Position30>
    </JumpHistory>
  </ProjectOptions>
  <CompilerOptions>
    <Version Value="10"/>
    <PathDelim Value="\"/>
    <Parsing>
      <SyntaxOptions>
        <UseAnsiStrings Value="False"/>
      </SyntaxOptions>
    </Parsing>
    <CodeGeneration>
      <Checks>
        <IOChecks Value="True"/>
        <RangeChecks Value="True"/>
        <OverflowChecks Value="True"/>
        <StackChecks Value="True"/>
      </Checks>
      <VerifyObjMethodCallValidity Value="True"/>
    </CodeGeneration>
    <Linking>
      <Debugging>
        <StripSymbols Value="True"/>
      </Debugging>
      <LinkSmart Value="True"/>
      <Options>
        <Win32>
          <GraphicApplication Value="True"/>
        </Win32>
      </Options>
    </Linking>
    <Other>
      <CompilerPath Value="$(CompPath)"/>
    </Other>
  </CompilerOptions>
  <Debugging>
    <Exceptions Count="2">
      <Item1>
        <Name Value="ECodetoolError"/>
      </Item1>
      <Item2>
        <Name Value="EFOpenError"/>
      </Item2>
    </Exceptions>
  </Debugging>
</CONFIG>
